// !$*UTF8*$!
{
	archiveVersion = 1;
	classes = {
	};
	objectVersion = 46;
	objects = {

/* Begin PBXBuildFile section */
		040AB98E17F0EBCF00CBEEF2 /* redDot.png in Resources */ = {isa = PBXBuildFile; fileRef = 040AB98C17F0EBCF00CBEEF2 /* redDot.png */; };
		040AB98F17F0EBCF00CBEEF2 /* redDot@2x.png in Resources */ = {isa = PBXBuildFile; fileRef = 040AB98D17F0EBCF00CBEEF2 /* redDot@2x.png */; };
		040AB99217F10FE500CBEEF2 /* greenDot.png in Resources */ = {isa = PBXBuildFile; fileRef = 040AB99017F10FE500CBEEF2 /* greenDot.png */; };
		040AB99317F10FE500CBEEF2 /* greenDot@2x.png in Resources */ = {isa = PBXBuildFile; fileRef = 040AB99117F10FE500CBEEF2 /* greenDot@2x.png */; };
		04B4084417C4483A0037DD7A /* KDTree.m in Sources */ = {isa = PBXBuildFile; fileRef = 04B4084317C4483A0037DD7A /* KDTree.m */; };
		04B568AC17C973F70019509F /* PruneViewController.xib in Resources */ = {isa = PBXBuildFile; fileRef = 04B568AA17C973F70019509F /* PruneViewController.xib */; };
		04B568AD17C973F70019509F /* SaveViewController.xib in Resources */ = {isa = PBXBuildFile; fileRef = 04B568AB17C973F70019509F /* SaveViewController.xib */; };
		04B92C1217B30FFD00EA08FD /* NumericNode.m in Sources */ = {isa = PBXBuildFile; fileRef = 04B92C1117B30FFD00EA08FD /* NumericNode.m */; };
		04B92C1417B310C800EA08FD /* NumericNodeCell.xib in Resources */ = {isa = PBXBuildFile; fileRef = 04B92C1317B310C800EA08FD /* NumericNodeCell.xib */; };
		04B92C1B17B3170B00EA08FD /* Utils.m in Sources */ = {isa = PBXBuildFile; fileRef = 04B92C1A17B3170B00EA08FD /* Utils.m */; };
		04BA5CE117A40E4700EDEE4C /* BusRoutesNavigationController.m in Sources */ = {isa = PBXBuildFile; fileRef = 04BA5CE017A40E4700EDEE4C /* BusRoutesNavigationController.m */; };
		04BA5CE517A5CA7900EDEE4C /* QuartzCore.framework in Frameworks */ = {isa = PBXBuildFile; fileRef = 04BA5CE417A5CA7900EDEE4C /* QuartzCore.framework */; };
		04BA5CE917A5DA3D00EDEE4C /* BusRoute.m in Sources */ = {isa = PBXBuildFile; fileRef = 04BA5CE817A5DA3D00EDEE4C /* BusRoute.m */; };
		04BA64DB17AF39EF001D4B56 /* sample.plist in Resources */ = {isa = PBXBuildFile; fileRef = 04BA64DA17AF39EF001D4B56 /* sample.plist */; };
		04BE659117D4083500C34D35 /* KeyView.xib in Resources */ = {isa = PBXBuildFile; fileRef = 04BE659017D4083500C34D35 /* KeyView.xib */; };
		04BE659417D409D600C34D35 /* KeyView.m in Sources */ = {isa = PBXBuildFile; fileRef = 04BE659317D409D600C34D35 /* KeyView.m */; };
		04BE659617D414C500C34D35 /* keyBackGround.png in Resources */ = {isa = PBXBuildFile; fileRef = 04BE659517D414C500C34D35 /* keyBackGround.png */; };
		04BF6236179F35CB008380FD /* KML.framework in Frameworks */ = {isa = PBXBuildFile; fileRef = 04BF6235179F35CB008380FD /* KML.framework */; };
		04BFFFD317B6F01F0057B81E /* TerminalNodeCell.m in Sources */ = {isa = PBXBuildFile; fileRef = 04BFFFD217B6F01F0057B81E /* TerminalNodeCell.m */; };
		04BFFFD617B717660057B81E /* LegendElement.m in Sources */ = {isa = PBXBuildFile; fileRef = 04BFFFD517B717660057B81E /* LegendElement.m */; };
		04C1301F17CD752800EC175A /* InfoViewController.m in Sources */ = {isa = PBXBuildFile; fileRef = 04C1301D17CD752800EC175A /* InfoViewController.m */; };
		04C1302217CD767F00EC175A /* InfoViewController.xib in Resources */ = {isa = PBXBuildFile; fileRef = 04C1302117CD767F00EC175A /* InfoViewController.xib */; };
		04C1304A17CD857500EC175A /* checkBox.png in Resources */ = {isa = PBXBuildFile; fileRef = 04C1302817CD857500EC175A /* checkBox.png */; };
		04C1304B17CD857500EC175A /* checkBox@2x.png in Resources */ = {isa = PBXBuildFile; fileRef = 04C1302917CD857500EC175A /* checkBox@2x.png */; };
		04C1304C17CD857500EC175A /* checkBoxChecked.png in Resources */ = {isa = PBXBuildFile; fileRef = 04C1302A17CD857500EC175A /* checkBoxChecked.png */; };
		04C1304D17CD857500EC175A /* checkBoxChecked@2x.png in Resources */ = {isa = PBXBuildFile; fileRef = 04C1302B17CD857500EC175A /* checkBoxChecked@2x.png */; };
		04C1304E17CD857500EC175A /* clearButton.png in Resources */ = {isa = PBXBuildFile; fileRef = 04C1302C17CD857500EC175A /* clearButton.png */; };
		04C1304F17CD857500EC175A /* clearButton@2x.png in Resources */ = {isa = PBXBuildFile; fileRef = 04C1302D17CD857500EC175A /* clearButton@2x.png */; };
		04C1305217CD857500EC175A /* createRoute.png in Resources */ = {isa = PBXBuildFile; fileRef = 04C1303017CD857500EC175A /* createRoute.png */; };
		04C1305317CD857500EC175A /* createRoute@2x.png in Resources */ = {isa = PBXBuildFile; fileRef = 04C1303117CD857500EC175A /* createRoute@2x.png */; };
		04C1305417CD857500EC175A /* createRouteDisabled.png in Resources */ = {isa = PBXBuildFile; fileRef = 04C1303217CD857500EC175A /* createRouteDisabled.png */; };
		04C1305517CD857500EC175A /* createRouteDisabled@2x.png in Resources */ = {isa = PBXBuildFile; fileRef = 04C1303317CD857500EC175A /* createRouteDisabled@2x.png */; };
		04C1305617CD857500EC175A /* deleteButton.png in Resources */ = {isa = PBXBuildFile; fileRef = 04C1303417CD857500EC175A /* deleteButton.png */; };
		04C1305717CD857500EC175A /* deleteButton2@x.png in Resources */ = {isa = PBXBuildFile; fileRef = 04C1303517CD857500EC175A /* deleteButton2@x.png */; };
		04C1305817CD857500EC175A /* deleteButtonSelected.png in Resources */ = {isa = PBXBuildFile; fileRef = 04C1303617CD857500EC175A /* deleteButtonSelected.png */; };
		04C1305917CD857500EC175A /* deleteButtonSelected@2x.png in Resources */ = {isa = PBXBuildFile; fileRef = 04C1303717CD857500EC175A /* deleteButtonSelected@2x.png */; };
		04C1305A17CD857500EC175A /* exitButton.png in Resources */ = {isa = PBXBuildFile; fileRef = 04C1303817CD857500EC175A /* exitButton.png */; };
		04C1305B17CD857500EC175A /* exitButton@2x.png in Resources */ = {isa = PBXBuildFile; fileRef = 04C1303917CD857500EC175A /* exitButton@2x.png */; };
		04C1305C17CD857500EC175A /* exitButtonLarge.png in Resources */ = {isa = PBXBuildFile; fileRef = 04C1303A17CD857500EC175A /* exitButtonLarge.png */; };
		04C1305D17CD857500EC175A /* exitButtonLarge@2x.png in Resources */ = {isa = PBXBuildFile; fileRef = 04C1303B17CD857500EC175A /* exitButtonLarge@2x.png */; };
		04C1305E17CD857500EC175A /* infoButton.png in Resources */ = {isa = PBXBuildFile; fileRef = 04C1303C17CD857500EC175A /* infoButton.png */; };
		04C1305F17CD857500EC175A /* infoButton2@x.png in Resources */ = {isa = PBXBuildFile; fileRef = 04C1303D17CD857500EC175A /* infoButton2@x.png */; };
		04C1306217CD857500EC175A /* radioButton.png in Resources */ = {isa = PBXBuildFile; fileRef = 04C1304017CD857500EC175A /* radioButton.png */; };
		04C1306317CD857500EC175A /* radioButton2@x.png in Resources */ = {isa = PBXBuildFile; fileRef = 04C1304117CD857500EC175A /* radioButton2@x.png */; };
		04C1306417CD857500EC175A /* radioButtonSelected.png in Resources */ = {isa = PBXBuildFile; fileRef = 04C1304217CD857500EC175A /* radioButtonSelected.png */; };
		04C1306517CD857500EC175A /* radioButtonSelected2@x.png in Resources */ = {isa = PBXBuildFile; fileRef = 04C1304317CD857500EC175A /* radioButtonSelected2@x.png */; };
		04C1306817CD857500EC175A /* reversed.png in Resources */ = {isa = PBXBuildFile; fileRef = 04C1304617CD857500EC175A /* reversed.png */; };
		04C1306917CD857500EC175A /* reversed@2x.png in Resources */ = {isa = PBXBuildFile; fileRef = 04C1304717CD857500EC175A /* reversed@2x.png */; };
		04C1306A17CD857500EC175A /* saveButton.png in Resources */ = {isa = PBXBuildFile; fileRef = 04C1304817CD857500EC175A /* saveButton.png */; };
		04C1306B17CD857500EC175A /* saveButton@2x.png in Resources */ = {isa = PBXBuildFile; fileRef = 04C1304917CD857500EC175A /* saveButton@2x.png */; };
		04C1306D17CD866200EC175A /* buttonBackGround@2x.png in Resources */ = {isa = PBXBuildFile; fileRef = 04C1306C17CD866100EC175A /* buttonBackGround@2x.png */; };
		04C1306F17CD869D00EC175A /* buttonBackGround.png in Resources */ = {isa = PBXBuildFile; fileRef = 04C1306E17CD869C00EC175A /* buttonBackGround.png */; };
		04C2FEDE17B7FFC7002B9075 /* LocationsTable.xib in Resources */ = {isa = PBXBuildFile; fileRef = 04C2FEDB17B7FFC7002B9075 /* LocationsTable.xib */; };
		04C2FEDF17B7FFC7002B9075 /* NumericNodeTableViewController.xib in Resources */ = {isa = PBXBuildFile; fileRef = 04C2FEDC17B7FFC7002B9075 /* NumericNodeTableViewController.xib */; };
		04C2FEE017B7FFC7002B9075 /* TerminalTable.xib in Resources */ = {isa = PBXBuildFile; fileRef = 04C2FEDD17B7FFC7002B9075 /* TerminalTable.xib */; };
		04C2FEE817B7FFDC002B9075 /* LocationsTable.m in Sources */ = {isa = PBXBuildFile; fileRef = 04C2FEE317B7FFDC002B9075 /* LocationsTable.m */; };
		04C2FEE917B7FFDC002B9075 /* NumericNodeTable.m in Sources */ = {isa = PBXBuildFile; fileRef = 04C2FEE517B7FFDC002B9075 /* NumericNodeTable.m */; };
		04C2FEEA17B7FFDC002B9075 /* TerminalTable.m in Sources */ = {isa = PBXBuildFile; fileRef = 04C2FEE717B7FFDC002B9075 /* TerminalTable.m */; };
		04C2FEED17B80051002B9075 /* NumericNodeCell.m in Sources */ = {isa = PBXBuildFile; fileRef = 04C2FEEC17B7FFFA002B9075 /* NumericNodeCell.m */; };
		04C4439717C1A17C00485D41 /* Strings.plist in Resources */ = {isa = PBXBuildFile; fileRef = 04C4439617C1A17C00485D41 /* Strings.plist */; };
		04C4F88717CEDBDD00E6F557 /* PruneViewController.m in Sources */ = {isa = PBXBuildFile; fileRef = 04C4F88617CEDBAC00E6F557 /* PruneViewController.m */; };
		04C8109517AFE02700D194AC /* Bus Routes.kml in Resources */ = {isa = PBXBuildFile; fileRef = 04C8109417AFE02700D194AC /* Bus Routes.kml */; };
		04C8109717AFE02D00D194AC /* Bus Stops.kml in Resources */ = {isa = PBXBuildFile; fileRef = 04C8109617AFE02D00D194AC /* Bus Stops.kml */; };
		04C8109917AFE0EC00D194AC /* SystemConfiguration.framework in Frameworks */ = {isa = PBXBuildFile; fileRef = 04C8109817AFE0EC00D194AC /* SystemConfiguration.framework */; };
		04C810F417B0032D00D194AC /* dot0@2x.png in Resources */ = {isa = PBXBuildFile; fileRef = 04C810B317B0032D00D194AC /* dot0@2x.png */; };
		04C810F517B0032D00D194AC /* dot10@2x.png in Resources */ = {isa = PBXBuildFile; fileRef = 04C810B417B0032D00D194AC /* dot10@2x.png */; };
		04C810F617B0032D00D194AC /* dot11@2x.png in Resources */ = {isa = PBXBuildFile; fileRef = 04C810B517B0032D00D194AC /* dot11@2x.png */; };
		04C810F717B0032D00D194AC /* dot12@2x.png in Resources */ = {isa = PBXBuildFile; fileRef = 04C810B617B0032D00D194AC /* dot12@2x.png */; };
		04C810F817B0032D00D194AC /* dot13@2x.png in Resources */ = {isa = PBXBuildFile; fileRef = 04C810B717B0032D00D194AC /* dot13@2x.png */; };
		04C810F917B0032D00D194AC /* dot14@2x.png in Resources */ = {isa = PBXBuildFile; fileRef = 04C810B817B0032D00D194AC /* dot14@2x.png */; };
		04C810FA17B0032D00D194AC /* dot15@2x.png in Resources */ = {isa = PBXBuildFile; fileRef = 04C810B917B0032D00D194AC /* dot15@2x.png */; };
		04C810FB17B0032D00D194AC /* dot16@2x.png in Resources */ = {isa = PBXBuildFile; fileRef = 04C810BA17B0032D00D194AC /* dot16@2x.png */; };
		04C810FC17B0032D00D194AC /* dot17@2x.png in Resources */ = {isa = PBXBuildFile; fileRef = 04C810BB17B0032D00D194AC /* dot17@2x.png */; };
		04C810FD17B0032D00D194AC /* dot18@2x.png in Resources */ = {isa = PBXBuildFile; fileRef = 04C810BC17B0032D00D194AC /* dot18@2x.png */; };
		04C810FE17B0032D00D194AC /* dot19@2x.png in Resources */ = {isa = PBXBuildFile; fileRef = 04C810BD17B0032D00D194AC /* dot19@2x.png */; };
		04C810FF17B0032D00D194AC /* dot1@2x.png in Resources */ = {isa = PBXBuildFile; fileRef = 04C810BE17B0032D00D194AC /* dot1@2x.png */; };
		04C8110017B0032D00D194AC /* dot20@2x.png in Resources */ = {isa = PBXBuildFile; fileRef = 04C810BF17B0032D00D194AC /* dot20@2x.png */; };
		04C8110117B0032D00D194AC /* dot2@2x.png in Resources */ = {isa = PBXBuildFile; fileRef = 04C810C017B0032D00D194AC /* dot2@2x.png */; };
		04C8110217B0032D00D194AC /* dot3@2x.png in Resources */ = {isa = PBXBuildFile; fileRef = 04C810C117B0032D00D194AC /* dot3@2x.png */; };
		04C8110317B0032D00D194AC /* dot4@2x.png in Resources */ = {isa = PBXBuildFile; fileRef = 04C810C217B0032D00D194AC /* dot4@2x.png */; };
		04C8110417B0032D00D194AC /* dot5@2x.png in Resources */ = {isa = PBXBuildFile; fileRef = 04C810C317B0032D00D194AC /* dot5@2x.png */; };
		04C8110517B0032D00D194AC /* dot6@2x.png in Resources */ = {isa = PBXBuildFile; fileRef = 04C810C417B0032D00D194AC /* dot6@2x.png */; };
		04C8110617B0032D00D194AC /* dot7@2x.png in Resources */ = {isa = PBXBuildFile; fileRef = 04C810C517B0032D00D194AC /* dot7@2x.png */; };
		04C8110717B0032D00D194AC /* dot8@2x.png in Resources */ = {isa = PBXBuildFile; fileRef = 04C810C617B0032D00D194AC /* dot8@2x.png */; };
		04C8110817B0032D00D194AC /* dot9@2x.png in Resources */ = {isa = PBXBuildFile; fileRef = 04C810C717B0032D00D194AC /* dot9@2x.png */; };
		04C8110917B0032D00D194AC /* dot0.png in Resources */ = {isa = PBXBuildFile; fileRef = 04C810C917B0032D00D194AC /* dot0.png */; };
		04C8110A17B0032D00D194AC /* dot1.png in Resources */ = {isa = PBXBuildFile; fileRef = 04C810CA17B0032D00D194AC /* dot1.png */; };
		04C8110B17B0032D00D194AC /* dot10.png in Resources */ = {isa = PBXBuildFile; fileRef = 04C810CB17B0032D00D194AC /* dot10.png */; };
		04C8110C17B0032D00D194AC /* dot11.png in Resources */ = {isa = PBXBuildFile; fileRef = 04C810CC17B0032D00D194AC /* dot11.png */; };
		04C8110D17B0032D00D194AC /* dot12.png in Resources */ = {isa = PBXBuildFile; fileRef = 04C810CD17B0032D00D194AC /* dot12.png */; };
		04C8110E17B0032D00D194AC /* dot13.png in Resources */ = {isa = PBXBuildFile; fileRef = 04C810CE17B0032D00D194AC /* dot13.png */; };
		04C8110F17B0032D00D194AC /* dot14.png in Resources */ = {isa = PBXBuildFile; fileRef = 04C810CF17B0032D00D194AC /* dot14.png */; };
		04C8111017B0032D00D194AC /* dot15.png in Resources */ = {isa = PBXBuildFile; fileRef = 04C810D017B0032D00D194AC /* dot15.png */; };
		04C8111117B0032D00D194AC /* dot16.png in Resources */ = {isa = PBXBuildFile; fileRef = 04C810D117B0032D00D194AC /* dot16.png */; };
		04C8111217B0032D00D194AC /* dot17.png in Resources */ = {isa = PBXBuildFile; fileRef = 04C810D217B0032D00D194AC /* dot17.png */; };
		04C8111317B0032D00D194AC /* dot18.png in Resources */ = {isa = PBXBuildFile; fileRef = 04C810D317B0032D00D194AC /* dot18.png */; };
		04C8111417B0032D00D194AC /* dot19.png in Resources */ = {isa = PBXBuildFile; fileRef = 04C810D417B0032D00D194AC /* dot19.png */; };
		04C8111517B0032D00D194AC /* dot2.png in Resources */ = {isa = PBXBuildFile; fileRef = 04C810D517B0032D00D194AC /* dot2.png */; };
		04C8111617B0032D00D194AC /* dot20.png in Resources */ = {isa = PBXBuildFile; fileRef = 04C810D617B0032D00D194AC /* dot20.png */; };
		04C8111717B0032D00D194AC /* dot3.png in Resources */ = {isa = PBXBuildFile; fileRef = 04C810D717B0032D00D194AC /* dot3.png */; };
		04C8111817B0032D00D194AC /* dot4.png in Resources */ = {isa = PBXBuildFile; fileRef = 04C810D817B0032D00D194AC /* dot4.png */; };
		04C8111917B0032D00D194AC /* dot5.png in Resources */ = {isa = PBXBuildFile; fileRef = 04C810D917B0032D00D194AC /* dot5.png */; };
		04C8111A17B0032D00D194AC /* dot6.png in Resources */ = {isa = PBXBuildFile; fileRef = 04C810DA17B0032D00D194AC /* dot6.png */; };
		04C8111B17B0032D00D194AC /* dot7.png in Resources */ = {isa = PBXBuildFile; fileRef = 04C810DB17B0032D00D194AC /* dot7.png */; };
		04C8111C17B0032D00D194AC /* dot8.png in Resources */ = {isa = PBXBuildFile; fileRef = 04C810DC17B0032D00D194AC /* dot8.png */; };
		04C8111D17B0032D00D194AC /* dot9.png in Resources */ = {isa = PBXBuildFile; fileRef = 04C810DD17B0032D00D194AC /* dot9.png */; };
		04C8112017B0062500D194AC /* StopsButton.m in Sources */ = {isa = PBXBuildFile; fileRef = 04C8111F17B0062500D194AC /* StopsButton.m */; };
		04C8112217B0089E00D194AC /* LegendView.xib in Resources */ = {isa = PBXBuildFile; fileRef = 04C8112117B0089E00D194AC /* LegendView.xib */; };
		04C8112517B0127800D194AC /* LegendView.m in Sources */ = {isa = PBXBuildFile; fileRef = 04C8112417B0127800D194AC /* LegendView.m */; };
		04CACFC117AD43E2004EE283 /* DisplayButton.m in Sources */ = {isa = PBXBuildFile; fileRef = 04CACFC017AD43E2004EE283 /* DisplayButton.m */; };
		04CACFC717ADC817004EE283 /* stop.png in Resources */ = {isa = PBXBuildFile; fileRef = 04CACFC617ADC817004EE283 /* stop.png */; };
		04CACFC917ADC906004EE283 /* stop@2x.png in Resources */ = {isa = PBXBuildFile; fileRef = 04CACFC817ADC906004EE283 /* stop@2x.png */; };
		04CACFDB17ADE30F004EE283 /* libxml2.2.dylib in Frameworks */ = {isa = PBXBuildFile; fileRef = 04CACFD917ADE30F004EE283 /* libxml2.2.dylib */; };
		04CF4F1017C589F100E157F8 /* KDElement.m in Sources */ = {isa = PBXBuildFile; fileRef = 04CF4F0F17C589F100E157F8 /* KDElement.m */; };
		04CFB8DF17A1F360003E56E9 /* DataReader.m in Sources */ = {isa = PBXBuildFile; fileRef = 04CFB8DC17A1F360003E56E9 /* DataReader.m */; };
		04CFB8E017A1F360003E56E9 /* RegionZoomData.m in Sources */ = {isa = PBXBuildFile; fileRef = 04CFB8DE17A1F360003E56E9 /* RegionZoomData.m */; };
		04CFB8F317A1F36A003E56E9 /* BusStop.m in Sources */ = {isa = PBXBuildFile; fileRef = 04CFB8E717A1F36A003E56E9 /* BusStop.m */; };
		04CFB8F517A1F36A003E56E9 /* BusRoutesViewController.m in Sources */ = {isa = PBXBuildFile; fileRef = 04CFB8EC17A1F36A003E56E9 /* BusRoutesViewController.m */; };
		04CFB8F617A1F36A003E56E9 /* MapViewController.m in Sources */ = {isa = PBXBuildFile; fileRef = 04CFB8EE17A1F36A003E56E9 /* MapViewController.m */; };
		04CFB8F917A1F38E003E56E9 /* MapViewController.xib in Resources */ = {isa = PBXBuildFile; fileRef = 04CFB8F817A1F38E003E56E9 /* MapViewController.xib */; };
		04CFB8FE17A1F440003E56E9 /* MovementButton.m in Sources */ = {isa = PBXBuildFile; fileRef = 04CFB8FD17A1F440003E56E9 /* MovementButton.m */; };
		04D0EC0D17BAF1830098D138 /* DrawingImageView.m in Sources */ = {isa = PBXBuildFile; fileRef = 04D0EC0C17BAF1830098D138 /* DrawingImageView.m */; };
		04D0EC1E17BB0E3B0098D138 /* SaveViewController.m in Sources */ = {isa = PBXBuildFile; fileRef = 04D0EC1C17BB0E3B0098D138 /* SaveViewController.m */; };
		04D13F3D181D833B002F0398 /* SubmitViewController.m in Sources */ = {isa = PBXBuildFile; fileRef = 04D13F3B181D833B002F0398 /* SubmitViewController.m */; };
		04D13F3E181D833B002F0398 /* SubmitViewController.xib in Resources */ = {isa = PBXBuildFile; fileRef = 04D13F3C181D833B002F0398 /* SubmitViewController.xib */; };
		04D13F42181D834A002F0398 /* ResultViewController.m in Sources */ = {isa = PBXBuildFile; fileRef = 04D13F40181D834A002F0398 /* ResultViewController.m */; };
		04D13F43181D834A002F0398 /* ResultViewController.xib in Resources */ = {isa = PBXBuildFile; fileRef = 04D13F41181D834A002F0398 /* ResultViewController.xib */; };
		04D13F47181DA36B002F0398 /* routes.json in Resources */ = {isa = PBXBuildFile; fileRef = 04D13F46181DA36B002F0398 /* routes.json */; };
		04D13F4A181DA8C3002F0398 /* PreloadedRoute.m in Sources */ = {isa = PBXBuildFile; fileRef = 04D13F49181DA8C3002F0398 /* PreloadedRoute.m */; };
		04D3936B17D4C36D00862E93 /* zoomButtonLocked.png in Resources */ = {isa = PBXBuildFile; fileRef = 04D3936717D4C36D00862E93 /* zoomButtonLocked.png */; };
		04D3936C17D4C36D00862E93 /* zoomButtonLocked@2x.png in Resources */ = {isa = PBXBuildFile; fileRef = 04D3936817D4C36D00862E93 /* zoomButtonLocked@2x.png */; };
		04D3936D17D4C36D00862E93 /* zoomButton.png in Resources */ = {isa = PBXBuildFile; fileRef = 04D3936917D4C36D00862E93 /* zoomButton.png */; };
		04D3936E17D4C36D00862E93 /* zoomButton@2x.png in Resources */ = {isa = PBXBuildFile; fileRef = 04D3936A17D4C36D00862E93 /* zoomButton@2x.png */; };
		04D4E59417B1D8610062AA26 /* terminal9@2x.png in Resources */ = {isa = PBXBuildFile; fileRef = 04D4E57217B1D8610062AA26 /* terminal9@2x.png */; };
		04D4E59517B1D8610062AA26 /* terminal10@2x.png in Resources */ = {isa = PBXBuildFile; fileRef = 04D4E57317B1D8610062AA26 /* terminal10@2x.png */; };
		04D4E59617B1D8610062AA26 /* terminal0@2x.png in Resources */ = {isa = PBXBuildFile; fileRef = 04D4E57417B1D8610062AA26 /* terminal0@2x.png */; };
		04D4E59717B1D8610062AA26 /* terminal1@2x.png in Resources */ = {isa = PBXBuildFile; fileRef = 04D4E57517B1D8610062AA26 /* terminal1@2x.png */; };
		04D4E59817B1D8610062AA26 /* terminal2@2x.png in Resources */ = {isa = PBXBuildFile; fileRef = 04D4E57617B1D8610062AA26 /* terminal2@2x.png */; };
		04D4E59917B1D8610062AA26 /* terminal3@2x.png in Resources */ = {isa = PBXBuildFile; fileRef = 04D4E57717B1D8610062AA26 /* terminal3@2x.png */; };
		04D4E59A17B1D8610062AA26 /* terminal4@2x.png in Resources */ = {isa = PBXBuildFile; fileRef = 04D4E57817B1D8610062AA26 /* terminal4@2x.png */; };
		04D4E59B17B1D8610062AA26 /* terminal5@2x.png in Resources */ = {isa = PBXBuildFile; fileRef = 04D4E57917B1D8610062AA26 /* terminal5@2x.png */; };
		04D4E59C17B1D8610062AA26 /* terminal6@2x.png in Resources */ = {isa = PBXBuildFile; fileRef = 04D4E57A17B1D8610062AA26 /* terminal6@2x.png */; };
		04D4E59D17B1D8610062AA26 /* terminal7@2x.png in Resources */ = {isa = PBXBuildFile; fileRef = 04D4E57B17B1D8610062AA26 /* terminal7@2x.png */; };
		04D4E59E17B1D8610062AA26 /* terminal8@2x.png in Resources */ = {isa = PBXBuildFile; fileRef = 04D4E57C17B1D8610062AA26 /* terminal8@2x.png */; };
		04D4E59F17B1D8610062AA26 /* terminal0.png in Resources */ = {isa = PBXBuildFile; fileRef = 04D4E57E17B1D8610062AA26 /* terminal0.png */; };
		04D4E5A017B1D8610062AA26 /* terminal9.png in Resources */ = {isa = PBXBuildFile; fileRef = 04D4E57F17B1D8610062AA26 /* terminal9.png */; };
		04D4E5A117B1D8610062AA26 /* terminal10.png in Resources */ = {isa = PBXBuildFile; fileRef = 04D4E58017B1D8610062AA26 /* terminal10.png */; };
		04D4E5A217B1D8610062AA26 /* terminal1.png in Resources */ = {isa = PBXBuildFile; fileRef = 04D4E58117B1D8610062AA26 /* terminal1.png */; };
		04D4E5A317B1D8610062AA26 /* terminal2.png in Resources */ = {isa = PBXBuildFile; fileRef = 04D4E58217B1D8610062AA26 /* terminal2.png */; };
		04D4E5A417B1D8610062AA26 /* terminal3.png in Resources */ = {isa = PBXBuildFile; fileRef = 04D4E58317B1D8610062AA26 /* terminal3.png */; };
		04D4E5A517B1D8610062AA26 /* terminal4.png in Resources */ = {isa = PBXBuildFile; fileRef = 04D4E58417B1D8610062AA26 /* terminal4.png */; };
		04D4E5A617B1D8610062AA26 /* terminal5.png in Resources */ = {isa = PBXBuildFile; fileRef = 04D4E58517B1D8610062AA26 /* terminal5.png */; };
		04D4E5A717B1D8610062AA26 /* terminal6.png in Resources */ = {isa = PBXBuildFile; fileRef = 04D4E58617B1D8610062AA26 /* terminal6.png */; };
		04D4E5A817B1D8610062AA26 /* terminal7.png in Resources */ = {isa = PBXBuildFile; fileRef = 04D4E58717B1D8610062AA26 /* terminal7.png */; };
		04D4E5A917B1D8610062AA26 /* terminal8.png in Resources */ = {isa = PBXBuildFile; fileRef = 04D4E58817B1D8610062AA26 /* terminal8.png */; };
		04DA2A6F179DE91200EF177B /* UIKit.framework in Frameworks */ = {isa = PBXBuildFile; fileRef = 04DA2A6E179DE91200EF177B /* UIKit.framework */; };
		04DA2A71179DE91200EF177B /* Foundation.framework in Frameworks */ = {isa = PBXBuildFile; fileRef = 04DA2A70179DE91200EF177B /* Foundation.framework */; };
		04DA2A73179DE91200EF177B /* CoreGraphics.framework in Frameworks */ = {isa = PBXBuildFile; fileRef = 04DA2A72179DE91200EF177B /* CoreGraphics.framework */; };
		04DA2A79179DE91200EF177B /* InfoPlist.strings in Resources */ = {isa = PBXBuildFile; fileRef = 04DA2A77179DE91200EF177B /* InfoPlist.strings */; };
		04DA2A7B179DE91200EF177B /* main.m in Sources */ = {isa = PBXBuildFile; fileRef = 04DA2A7A179DE91200EF177B /* main.m */; };
		04DA2A7F179DE91200EF177B /* BusRoutesAppDelegate.m in Sources */ = {isa = PBXBuildFile; fileRef = 04DA2A7E179DE91200EF177B /* BusRoutesAppDelegate.m */; };
		04DA2A81179DE91200EF177B /* Default.png in Resources */ = {isa = PBXBuildFile; fileRef = 04DA2A80179DE91200EF177B /* Default.png */; };
		04DA2A83179DE91200EF177B /* Default@2x.png in Resources */ = {isa = PBXBuildFile; fileRef = 04DA2A82179DE91200EF177B /* Default@2x.png */; };
		04DA2A85179DE91200EF177B /* Default-568h@2x.png in Resources */ = {isa = PBXBuildFile; fileRef = 04DA2A84179DE91200EF177B /* Default-568h@2x.png */; };
		04DA2A8B179DE91200EF177B /* BusRoutesViewController.xib in Resources */ = {isa = PBXBuildFile; fileRef = 04DA2A89179DE91200EF177B /* BusRoutesViewController.xib */; };
		04DA2AA3179E113A00EF177B /* CoreLocation.framework in Frameworks */ = {isa = PBXBuildFile; fileRef = 04DA2AA2179E113A00EF177B /* CoreLocation.framework */; };
		04DA2AA5179E116400EF177B /* MapKit.framework in Frameworks */ = {isa = PBXBuildFile; fileRef = 04DA2AA4179E116400EF177B /* MapKit.framework */; };
/* End PBXBuildFile section */

/* Begin PBXFileReference section */
		040AB98C17F0EBCF00CBEEF2 /* redDot.png */ = {isa = PBXFileReference; lastKnownFileType = image.png; path = redDot.png; sourceTree = "<group>"; };
		040AB98D17F0EBCF00CBEEF2 /* redDot@2x.png */ = {isa = PBXFileReference; lastKnownFileType = image.png; path = "redDot@2x.png"; sourceTree = "<group>"; };
		040AB99017F10FE500CBEEF2 /* greenDot.png */ = {isa = PBXFileReference; lastKnownFileType = image.png; path = greenDot.png; sourceTree = "<group>"; };
		040AB99117F10FE500CBEEF2 /* greenDot@2x.png */ = {isa = PBXFileReference; lastKnownFileType = image.png; path = "greenDot@2x.png"; sourceTree = "<group>"; };
		04B4084217C4483A0037DD7A /* KDTree.h */ = {isa = PBXFileReference; fileEncoding = 4; lastKnownFileType = sourcecode.c.h; path = KDTree.h; sourceTree = "<group>"; };
		04B4084317C4483A0037DD7A /* KDTree.m */ = {isa = PBXFileReference; fileEncoding = 4; lastKnownFileType = sourcecode.c.objc; path = KDTree.m; sourceTree = "<group>"; };
		04B568AA17C973F70019509F /* PruneViewController.xib */ = {isa = PBXFileReference; fileEncoding = 4; lastKnownFileType = file.xib; path = PruneViewController.xib; sourceTree = "<group>"; };
		04B568AB17C973F70019509F /* SaveViewController.xib */ = {isa = PBXFileReference; fileEncoding = 4; lastKnownFileType = file.xib; path = SaveViewController.xib; sourceTree = "<group>"; };
		04B92C1017B30FFD00EA08FD /* NumericNode.h */ = {isa = PBXFileReference; fileEncoding = 4; lastKnownFileType = sourcecode.c.h; path = NumericNode.h; sourceTree = "<group>"; };
		04B92C1117B30FFD00EA08FD /* NumericNode.m */ = {isa = PBXFileReference; fileEncoding = 4; lastKnownFileType = sourcecode.c.objc; path = NumericNode.m; sourceTree = "<group>"; };
		04B92C1317B310C800EA08FD /* NumericNodeCell.xib */ = {isa = PBXFileReference; fileEncoding = 4; lastKnownFileType = file.xib; path = NumericNodeCell.xib; sourceTree = "<group>"; };
		04B92C1917B3170B00EA08FD /* Utils.h */ = {isa = PBXFileReference; fileEncoding = 4; lastKnownFileType = sourcecode.c.h; path = Utils.h; sourceTree = "<group>"; };
		04B92C1A17B3170B00EA08FD /* Utils.m */ = {isa = PBXFileReference; fileEncoding = 4; lastKnownFileType = sourcecode.c.objc; path = Utils.m; sourceTree = "<group>"; };
		04BA5CDF17A40E4700EDEE4C /* BusRoutesNavigationController.h */ = {isa = PBXFileReference; fileEncoding = 4; lastKnownFileType = sourcecode.c.h; path = BusRoutesNavigationController.h; sourceTree = "<group>"; };
		04BA5CE017A40E4700EDEE4C /* BusRoutesNavigationController.m */ = {isa = PBXFileReference; fileEncoding = 4; lastKnownFileType = sourcecode.c.objc; path = BusRoutesNavigationController.m; sourceTree = "<group>"; };
		04BA5CE417A5CA7900EDEE4C /* QuartzCore.framework */ = {isa = PBXFileReference; lastKnownFileType = wrapper.framework; name = QuartzCore.framework; path = System/Library/Frameworks/QuartzCore.framework; sourceTree = SDKROOT; };
		04BA5CE717A5DA3D00EDEE4C /* BusRoute.h */ = {isa = PBXFileReference; fileEncoding = 4; lastKnownFileType = sourcecode.c.h; path = BusRoute.h; sourceTree = "<group>"; };
		04BA5CE817A5DA3D00EDEE4C /* BusRoute.m */ = {isa = PBXFileReference; fileEncoding = 4; lastKnownFileType = sourcecode.c.objc; path = BusRoute.m; sourceTree = "<group>"; };
		04BA5CEA17A5E0E400EDEE4C /* Enums.h */ = {isa = PBXFileReference; fileEncoding = 4; lastKnownFileType = sourcecode.c.h; path = Enums.h; sourceTree = "<group>"; };
		04BA64DA17AF39EF001D4B56 /* sample.plist */ = {isa = PBXFileReference; fileEncoding = 4; lastKnownFileType = text.plist.xml; path = sample.plist; sourceTree = "<group>"; };
		04BE659017D4083500C34D35 /* KeyView.xib */ = {isa = PBXFileReference; fileEncoding = 4; lastKnownFileType = file.xib; path = KeyView.xib; sourceTree = "<group>"; };
		04BE659217D409D600C34D35 /* KeyView.h */ = {isa = PBXFileReference; fileEncoding = 4; lastKnownFileType = sourcecode.c.h; path = KeyView.h; sourceTree = "<group>"; };
		04BE659317D409D600C34D35 /* KeyView.m */ = {isa = PBXFileReference; fileEncoding = 4; lastKnownFileType = sourcecode.c.objc; path = KeyView.m; sourceTree = "<group>"; };
		04BE659517D414C500C34D35 /* keyBackGround.png */ = {isa = PBXFileReference; lastKnownFileType = image.png; path = keyBackGround.png; sourceTree = "<group>"; };
		04BF6235179F35CB008380FD /* KML.framework */ = {isa = PBXFileReference; lastKnownFileType = wrapper.framework; path = KML.framework; sourceTree = "<group>"; };
		04BFFFD117B6F01F0057B81E /* TerminalNodeCell.h */ = {isa = PBXFileReference; fileEncoding = 4; lastKnownFileType = sourcecode.c.h; path = TerminalNodeCell.h; sourceTree = "<group>"; };
		04BFFFD217B6F01F0057B81E /* TerminalNodeCell.m */ = {isa = PBXFileReference; fileEncoding = 4; lastKnownFileType = sourcecode.c.objc; path = TerminalNodeCell.m; sourceTree = "<group>"; };
		04BFFFD417B717660057B81E /* LegendElement.h */ = {isa = PBXFileReference; fileEncoding = 4; lastKnownFileType = sourcecode.c.h; path = LegendElement.h; sourceTree = "<group>"; };
		04BFFFD517B717660057B81E /* LegendElement.m */ = {isa = PBXFileReference; fileEncoding = 4; lastKnownFileType = sourcecode.c.objc; path = LegendElement.m; sourceTree = "<group>"; };
		04C1301C17CD752800EC175A /* InfoViewController.h */ = {isa = PBXFileReference; fileEncoding = 4; lastKnownFileType = sourcecode.c.h; path = InfoViewController.h; sourceTree = "<group>"; };
		04C1301D17CD752800EC175A /* InfoViewController.m */ = {isa = PBXFileReference; fileEncoding = 4; lastKnownFileType = sourcecode.c.objc; path = InfoViewController.m; sourceTree = "<group>"; };
		04C1302117CD767F00EC175A /* InfoViewController.xib */ = {isa = PBXFileReference; fileEncoding = 4; lastKnownFileType = file.xib; path = InfoViewController.xib; sourceTree = "<group>"; };
		04C1302817CD857500EC175A /* checkBox.png */ = {isa = PBXFileReference; lastKnownFileType = image.png; path = checkBox.png; sourceTree = "<group>"; };
		04C1302917CD857500EC175A /* checkBox@2x.png */ = {isa = PBXFileReference; lastKnownFileType = image.png; path = "checkBox@2x.png"; sourceTree = "<group>"; };
		04C1302A17CD857500EC175A /* checkBoxChecked.png */ = {isa = PBXFileReference; lastKnownFileType = image.png; path = checkBoxChecked.png; sourceTree = "<group>"; };
		04C1302B17CD857500EC175A /* checkBoxChecked@2x.png */ = {isa = PBXFileReference; lastKnownFileType = image.png; path = "checkBoxChecked@2x.png"; sourceTree = "<group>"; };
		04C1302C17CD857500EC175A /* clearButton.png */ = {isa = PBXFileReference; lastKnownFileType = image.png; path = clearButton.png; sourceTree = "<group>"; };
		04C1302D17CD857500EC175A /* clearButton@2x.png */ = {isa = PBXFileReference; lastKnownFileType = image.png; path = "clearButton@2x.png"; sourceTree = "<group>"; };
		04C1303017CD857500EC175A /* createRoute.png */ = {isa = PBXFileReference; lastKnownFileType = image.png; path = createRoute.png; sourceTree = "<group>"; };
		04C1303117CD857500EC175A /* createRoute@2x.png */ = {isa = PBXFileReference; lastKnownFileType = image.png; path = "createRoute@2x.png"; sourceTree = "<group>"; };
		04C1303217CD857500EC175A /* createRouteDisabled.png */ = {isa = PBXFileReference; lastKnownFileType = image.png; path = createRouteDisabled.png; sourceTree = "<group>"; };
		04C1303317CD857500EC175A /* createRouteDisabled@2x.png */ = {isa = PBXFileReference; lastKnownFileType = image.png; path = "createRouteDisabled@2x.png"; sourceTree = "<group>"; };
		04C1303417CD857500EC175A /* deleteButton.png */ = {isa = PBXFileReference; lastKnownFileType = image.png; path = deleteButton.png; sourceTree = "<group>"; };
		04C1303517CD857500EC175A /* deleteButton2@x.png */ = {isa = PBXFileReference; lastKnownFileType = image.png; path = "deleteButton2@x.png"; sourceTree = "<group>"; };
		04C1303617CD857500EC175A /* deleteButtonSelected.png */ = {isa = PBXFileReference; lastKnownFileType = image.png; path = deleteButtonSelected.png; sourceTree = "<group>"; };
		04C1303717CD857500EC175A /* deleteButtonSelected@2x.png */ = {isa = PBXFileReference; lastKnownFileType = image.png; path = "deleteButtonSelected@2x.png"; sourceTree = "<group>"; };
		04C1303817CD857500EC175A /* exitButton.png */ = {isa = PBXFileReference; lastKnownFileType = image.png; path = exitButton.png; sourceTree = "<group>"; };
		04C1303917CD857500EC175A /* exitButton@2x.png */ = {isa = PBXFileReference; lastKnownFileType = image.png; path = "exitButton@2x.png"; sourceTree = "<group>"; };
		04C1303A17CD857500EC175A /* exitButtonLarge.png */ = {isa = PBXFileReference; lastKnownFileType = image.png; path = exitButtonLarge.png; sourceTree = "<group>"; };
		04C1303B17CD857500EC175A /* exitButtonLarge@2x.png */ = {isa = PBXFileReference; lastKnownFileType = image.png; path = "exitButtonLarge@2x.png"; sourceTree = "<group>"; };
		04C1303C17CD857500EC175A /* infoButton.png */ = {isa = PBXFileReference; lastKnownFileType = image.png; path = infoButton.png; sourceTree = "<group>"; };
		04C1303D17CD857500EC175A /* infoButton2@x.png */ = {isa = PBXFileReference; lastKnownFileType = image.png; path = "infoButton2@x.png"; sourceTree = "<group>"; };
		04C1304017CD857500EC175A /* radioButton.png */ = {isa = PBXFileReference; lastKnownFileType = image.png; path = radioButton.png; sourceTree = "<group>"; };
		04C1304117CD857500EC175A /* radioButton2@x.png */ = {isa = PBXFileReference; lastKnownFileType = image.png; path = "radioButton2@x.png"; sourceTree = "<group>"; };
		04C1304217CD857500EC175A /* radioButtonSelected.png */ = {isa = PBXFileReference; lastKnownFileType = image.png; path = radioButtonSelected.png; sourceTree = "<group>"; };
		04C1304317CD857500EC175A /* radioButtonSelected2@x.png */ = {isa = PBXFileReference; lastKnownFileType = image.png; path = "radioButtonSelected2@x.png"; sourceTree = "<group>"; };
		04C1304617CD857500EC175A /* reversed.png */ = {isa = PBXFileReference; lastKnownFileType = image.png; path = reversed.png; sourceTree = "<group>"; };
		04C1304717CD857500EC175A /* reversed@2x.png */ = {isa = PBXFileReference; lastKnownFileType = image.png; path = "reversed@2x.png"; sourceTree = "<group>"; };
		04C1304817CD857500EC175A /* saveButton.png */ = {isa = PBXFileReference; lastKnownFileType = image.png; path = saveButton.png; sourceTree = "<group>"; };
		04C1304917CD857500EC175A /* saveButton@2x.png */ = {isa = PBXFileReference; lastKnownFileType = image.png; path = "saveButton@2x.png"; sourceTree = "<group>"; };
		04C1306C17CD866100EC175A /* buttonBackGround@2x.png */ = {isa = PBXFileReference; lastKnownFileType = image.png; path = "buttonBackGround@2x.png"; sourceTree = "<group>"; };
		04C1306E17CD869C00EC175A /* buttonBackGround.png */ = {isa = PBXFileReference; lastKnownFileType = image.png; path = buttonBackGround.png; sourceTree = "<group>"; };
		04C2FEDB17B7FFC7002B9075 /* LocationsTable.xib */ = {isa = PBXFileReference; fileEncoding = 4; lastKnownFileType = file.xib; path = LocationsTable.xib; sourceTree = "<group>"; };
		04C2FEDC17B7FFC7002B9075 /* NumericNodeTableViewController.xib */ = {isa = PBXFileReference; fileEncoding = 4; lastKnownFileType = file.xib; path = NumericNodeTableViewController.xib; sourceTree = "<group>"; };
		04C2FEDD17B7FFC7002B9075 /* TerminalTable.xib */ = {isa = PBXFileReference; fileEncoding = 4; lastKnownFileType = file.xib; path = TerminalTable.xib; sourceTree = "<group>"; };
		04C2FEE217B7FFDC002B9075 /* LocationsTable.h */ = {isa = PBXFileReference; fileEncoding = 4; lastKnownFileType = sourcecode.c.h; path = LocationsTable.h; sourceTree = "<group>"; };
		04C2FEE317B7FFDC002B9075 /* LocationsTable.m */ = {isa = PBXFileReference; fileEncoding = 4; lastKnownFileType = sourcecode.c.objc; path = LocationsTable.m; sourceTree = "<group>"; };
		04C2FEE417B7FFDC002B9075 /* NumericNodeTable.h */ = {isa = PBXFileReference; fileEncoding = 4; lastKnownFileType = sourcecode.c.h; path = NumericNodeTable.h; sourceTree = "<group>"; };
		04C2FEE517B7FFDC002B9075 /* NumericNodeTable.m */ = {isa = PBXFileReference; fileEncoding = 4; lastKnownFileType = sourcecode.c.objc; path = NumericNodeTable.m; sourceTree = "<group>"; };
		04C2FEE617B7FFDC002B9075 /* TerminalTable.h */ = {isa = PBXFileReference; fileEncoding = 4; lastKnownFileType = sourcecode.c.h; path = TerminalTable.h; sourceTree = "<group>"; };
		04C2FEE717B7FFDC002B9075 /* TerminalTable.m */ = {isa = PBXFileReference; fileEncoding = 4; lastKnownFileType = sourcecode.c.objc; path = TerminalTable.m; sourceTree = "<group>"; };
		04C2FEEB17B7FFFA002B9075 /* NumericNodeCell.h */ = {isa = PBXFileReference; lastKnownFileType = sourcecode.c.h; path = NumericNodeCell.h; sourceTree = "<group>"; };
		04C2FEEC17B7FFFA002B9075 /* NumericNodeCell.m */ = {isa = PBXFileReference; lastKnownFileType = sourcecode.c.objc; path = NumericNodeCell.m; sourceTree = "<group>"; };
		04C4439617C1A17C00485D41 /* Strings.plist */ = {isa = PBXFileReference; fileEncoding = 4; lastKnownFileType = text.plist.xml; path = Strings.plist; sourceTree = "<group>"; };
		04C4F88517CEDBAC00E6F557 /* PruneViewController.h */ = {isa = PBXFileReference; lastKnownFileType = sourcecode.c.h; path = PruneViewController.h; sourceTree = "<group>"; };
		04C4F88617CEDBAC00E6F557 /* PruneViewController.m */ = {isa = PBXFileReference; lastKnownFileType = sourcecode.c.objc; path = PruneViewController.m; sourceTree = "<group>"; };
		04C8109417AFE02700D194AC /* Bus Routes.kml */ = {isa = PBXFileReference; fileEncoding = 4; lastKnownFileType = text.xml; path = "Bus Routes.kml"; sourceTree = "<group>"; };
		04C8109617AFE02D00D194AC /* Bus Stops.kml */ = {isa = PBXFileReference; fileEncoding = 4; lastKnownFileType = text.xml; path = "Bus Stops.kml"; sourceTree = "<group>"; };
		04C8109817AFE0EC00D194AC /* SystemConfiguration.framework */ = {isa = PBXFileReference; lastKnownFileType = wrapper.framework; name = SystemConfiguration.framework; path = System/Library/Frameworks/SystemConfiguration.framework; sourceTree = SDKROOT; };
		04C810B317B0032D00D194AC /* dot0@2x.png */ = {isa = PBXFileReference; lastKnownFileType = image.png; path = "dot0@2x.png"; sourceTree = "<group>"; };
		04C810B417B0032D00D194AC /* dot10@2x.png */ = {isa = PBXFileReference; lastKnownFileType = image.png; path = "dot10@2x.png"; sourceTree = "<group>"; };
		04C810B517B0032D00D194AC /* dot11@2x.png */ = {isa = PBXFileReference; lastKnownFileType = image.png; path = "dot11@2x.png"; sourceTree = "<group>"; };
		04C810B617B0032D00D194AC /* dot12@2x.png */ = {isa = PBXFileReference; lastKnownFileType = image.png; path = "dot12@2x.png"; sourceTree = "<group>"; };
		04C810B717B0032D00D194AC /* dot13@2x.png */ = {isa = PBXFileReference; lastKnownFileType = image.png; path = "dot13@2x.png"; sourceTree = "<group>"; };
		04C810B817B0032D00D194AC /* dot14@2x.png */ = {isa = PBXFileReference; lastKnownFileType = image.png; path = "dot14@2x.png"; sourceTree = "<group>"; };
		04C810B917B0032D00D194AC /* dot15@2x.png */ = {isa = PBXFileReference; lastKnownFileType = image.png; path = "dot15@2x.png"; sourceTree = "<group>"; };
		04C810BA17B0032D00D194AC /* dot16@2x.png */ = {isa = PBXFileReference; lastKnownFileType = image.png; path = "dot16@2x.png"; sourceTree = "<group>"; };
		04C810BB17B0032D00D194AC /* dot17@2x.png */ = {isa = PBXFileReference; lastKnownFileType = image.png; path = "dot17@2x.png"; sourceTree = "<group>"; };
		04C810BC17B0032D00D194AC /* dot18@2x.png */ = {isa = PBXFileReference; lastKnownFileType = image.png; path = "dot18@2x.png"; sourceTree = "<group>"; };
		04C810BD17B0032D00D194AC /* dot19@2x.png */ = {isa = PBXFileReference; lastKnownFileType = image.png; path = "dot19@2x.png"; sourceTree = "<group>"; };
		04C810BE17B0032D00D194AC /* dot1@2x.png */ = {isa = PBXFileReference; lastKnownFileType = image.png; path = "dot1@2x.png"; sourceTree = "<group>"; };
		04C810BF17B0032D00D194AC /* dot20@2x.png */ = {isa = PBXFileReference; lastKnownFileType = image.png; path = "dot20@2x.png"; sourceTree = "<group>"; };
		04C810C017B0032D00D194AC /* dot2@2x.png */ = {isa = PBXFileReference; lastKnownFileType = image.png; path = "dot2@2x.png"; sourceTree = "<group>"; };
		04C810C117B0032D00D194AC /* dot3@2x.png */ = {isa = PBXFileReference; lastKnownFileType = image.png; path = "dot3@2x.png"; sourceTree = "<group>"; };
		04C810C217B0032D00D194AC /* dot4@2x.png */ = {isa = PBXFileReference; lastKnownFileType = image.png; path = "dot4@2x.png"; sourceTree = "<group>"; };
		04C810C317B0032D00D194AC /* dot5@2x.png */ = {isa = PBXFileReference; lastKnownFileType = image.png; path = "dot5@2x.png"; sourceTree = "<group>"; };
		04C810C417B0032D00D194AC /* dot6@2x.png */ = {isa = PBXFileReference; lastKnownFileType = image.png; path = "dot6@2x.png"; sourceTree = "<group>"; };
		04C810C517B0032D00D194AC /* dot7@2x.png */ = {isa = PBXFileReference; lastKnownFileType = image.png; path = "dot7@2x.png"; sourceTree = "<group>"; };
		04C810C617B0032D00D194AC /* dot8@2x.png */ = {isa = PBXFileReference; lastKnownFileType = image.png; path = "dot8@2x.png"; sourceTree = "<group>"; };
		04C810C717B0032D00D194AC /* dot9@2x.png */ = {isa = PBXFileReference; lastKnownFileType = image.png; path = "dot9@2x.png"; sourceTree = "<group>"; };
		04C810C917B0032D00D194AC /* dot0.png */ = {isa = PBXFileReference; lastKnownFileType = image.png; path = dot0.png; sourceTree = "<group>"; };
		04C810CA17B0032D00D194AC /* dot1.png */ = {isa = PBXFileReference; lastKnownFileType = image.png; path = dot1.png; sourceTree = "<group>"; };
		04C810CB17B0032D00D194AC /* dot10.png */ = {isa = PBXFileReference; lastKnownFileType = image.png; path = dot10.png; sourceTree = "<group>"; };
		04C810CC17B0032D00D194AC /* dot11.png */ = {isa = PBXFileReference; lastKnownFileType = image.png; path = dot11.png; sourceTree = "<group>"; };
		04C810CD17B0032D00D194AC /* dot12.png */ = {isa = PBXFileReference; lastKnownFileType = image.png; path = dot12.png; sourceTree = "<group>"; };
		04C810CE17B0032D00D194AC /* dot13.png */ = {isa = PBXFileReference; lastKnownFileType = image.png; path = dot13.png; sourceTree = "<group>"; };
		04C810CF17B0032D00D194AC /* dot14.png */ = {isa = PBXFileReference; lastKnownFileType = image.png; path = dot14.png; sourceTree = "<group>"; };
		04C810D017B0032D00D194AC /* dot15.png */ = {isa = PBXFileReference; lastKnownFileType = image.png; path = dot15.png; sourceTree = "<group>"; };
		04C810D117B0032D00D194AC /* dot16.png */ = {isa = PBXFileReference; lastKnownFileType = image.png; path = dot16.png; sourceTree = "<group>"; };
		04C810D217B0032D00D194AC /* dot17.png */ = {isa = PBXFileReference; lastKnownFileType = image.png; path = dot17.png; sourceTree = "<group>"; };
		04C810D317B0032D00D194AC /* dot18.png */ = {isa = PBXFileReference; lastKnownFileType = image.png; path = dot18.png; sourceTree = "<group>"; };
		04C810D417B0032D00D194AC /* dot19.png */ = {isa = PBXFileReference; lastKnownFileType = image.png; path = dot19.png; sourceTree = "<group>"; };
		04C810D517B0032D00D194AC /* dot2.png */ = {isa = PBXFileReference; lastKnownFileType = image.png; path = dot2.png; sourceTree = "<group>"; };
		04C810D617B0032D00D194AC /* dot20.png */ = {isa = PBXFileReference; lastKnownFileType = image.png; path = dot20.png; sourceTree = "<group>"; };
		04C810D717B0032D00D194AC /* dot3.png */ = {isa = PBXFileReference; lastKnownFileType = image.png; path = dot3.png; sourceTree = "<group>"; };
		04C810D817B0032D00D194AC /* dot4.png */ = {isa = PBXFileReference; lastKnownFileType = image.png; path = dot4.png; sourceTree = "<group>"; };
		04C810D917B0032D00D194AC /* dot5.png */ = {isa = PBXFileReference; lastKnownFileType = image.png; path = dot5.png; sourceTree = "<group>"; };
		04C810DA17B0032D00D194AC /* dot6.png */ = {isa = PBXFileReference; lastKnownFileType = image.png; path = dot6.png; sourceTree = "<group>"; };
		04C810DB17B0032D00D194AC /* dot7.png */ = {isa = PBXFileReference; lastKnownFileType = image.png; path = dot7.png; sourceTree = "<group>"; };
		04C810DC17B0032D00D194AC /* dot8.png */ = {isa = PBXFileReference; lastKnownFileType = image.png; path = dot8.png; sourceTree = "<group>"; };
		04C810DD17B0032D00D194AC /* dot9.png */ = {isa = PBXFileReference; lastKnownFileType = image.png; path = dot9.png; sourceTree = "<group>"; };
		04C8111E17B0062500D194AC /* StopsButton.h */ = {isa = PBXFileReference; fileEncoding = 4; lastKnownFileType = sourcecode.c.h; path = StopsButton.h; sourceTree = "<group>"; };
		04C8111F17B0062500D194AC /* StopsButton.m */ = {isa = PBXFileReference; fileEncoding = 4; lastKnownFileType = sourcecode.c.objc; path = StopsButton.m; sourceTree = "<group>"; };
		04C8112117B0089E00D194AC /* LegendView.xib */ = {isa = PBXFileReference; fileEncoding = 4; lastKnownFileType = file.xib; path = LegendView.xib; sourceTree = "<group>"; };
		04C8112317B0127800D194AC /* LegendView.h */ = {isa = PBXFileReference; fileEncoding = 4; lastKnownFileType = sourcecode.c.h; path = LegendView.h; sourceTree = "<group>"; };
		04C8112417B0127800D194AC /* LegendView.m */ = {isa = PBXFileReference; fileEncoding = 4; lastKnownFileType = sourcecode.c.objc; path = LegendView.m; sourceTree = "<group>"; };
		04CACFBF17AD43E2004EE283 /* DisplayButton.h */ = {isa = PBXFileReference; fileEncoding = 4; lastKnownFileType = sourcecode.c.h; path = DisplayButton.h; sourceTree = "<group>"; };
		04CACFC017AD43E2004EE283 /* DisplayButton.m */ = {isa = PBXFileReference; fileEncoding = 4; lastKnownFileType = sourcecode.c.objc; path = DisplayButton.m; sourceTree = "<group>"; };
		04CACFC617ADC817004EE283 /* stop.png */ = {isa = PBXFileReference; lastKnownFileType = image.png; path = stop.png; sourceTree = "<group>"; };
		04CACFC817ADC906004EE283 /* stop@2x.png */ = {isa = PBXFileReference; lastKnownFileType = image.png; path = "stop@2x.png"; sourceTree = "<group>"; };
		04CACFD917ADE30F004EE283 /* libxml2.2.dylib */ = {isa = PBXFileReference; lastKnownFileType = "compiled.mach-o.dylib"; name = libxml2.2.dylib; path = usr/lib/libxml2.2.dylib; sourceTree = SDKROOT; };
		04CF4F0E17C589F100E157F8 /* KDElement.h */ = {isa = PBXFileReference; fileEncoding = 4; lastKnownFileType = sourcecode.c.h; path = KDElement.h; sourceTree = "<group>"; };
		04CF4F0F17C589F100E157F8 /* KDElement.m */ = {isa = PBXFileReference; fileEncoding = 4; lastKnownFileType = sourcecode.c.objc; path = KDElement.m; sourceTree = "<group>"; };
		04CFB8DB17A1F360003E56E9 /* DataReader.h */ = {isa = PBXFileReference; fileEncoding = 4; lastKnownFileType = sourcecode.c.h; path = DataReader.h; sourceTree = "<group>"; };
		04CFB8DC17A1F360003E56E9 /* DataReader.m */ = {isa = PBXFileReference; fileEncoding = 4; lastKnownFileType = sourcecode.c.objc; path = DataReader.m; sourceTree = "<group>"; };
		04CFB8DD17A1F360003E56E9 /* RegionZoomData.h */ = {isa = PBXFileReference; fileEncoding = 4; lastKnownFileType = sourcecode.c.h; path = RegionZoomData.h; sourceTree = "<group>"; };
		04CFB8DE17A1F360003E56E9 /* RegionZoomData.m */ = {isa = PBXFileReference; fileEncoding = 4; lastKnownFileType = sourcecode.c.objc; path = RegionZoomData.m; sourceTree = "<group>"; };
		04CFB8E617A1F36A003E56E9 /* BusStop.h */ = {isa = PBXFileReference; fileEncoding = 4; lastKnownFileType = sourcecode.c.h; path = BusStop.h; sourceTree = "<group>"; };
		04CFB8E717A1F36A003E56E9 /* BusStop.m */ = {isa = PBXFileReference; fileEncoding = 4; lastKnownFileType = sourcecode.c.objc; path = BusStop.m; sourceTree = "<group>"; };
		04CFB8EB17A1F36A003E56E9 /* BusRoutesViewController.h */ = {isa = PBXFileReference; fileEncoding = 4; lastKnownFileType = sourcecode.c.h; path = BusRoutesViewController.h; sourceTree = "<group>"; };
		04CFB8EC17A1F36A003E56E9 /* BusRoutesViewController.m */ = {isa = PBXFileReference; fileEncoding = 4; lastKnownFileType = sourcecode.c.objc; path = BusRoutesViewController.m; sourceTree = "<group>"; };
		04CFB8ED17A1F36A003E56E9 /* MapViewController.h */ = {isa = PBXFileReference; fileEncoding = 4; lastKnownFileType = sourcecode.c.h; path = MapViewController.h; sourceTree = "<group>"; };
		04CFB8EE17A1F36A003E56E9 /* MapViewController.m */ = {isa = PBXFileReference; fileEncoding = 4; lastKnownFileType = sourcecode.c.objc; path = MapViewController.m; sourceTree = "<group>"; };
		04CFB8F817A1F38E003E56E9 /* MapViewController.xib */ = {isa = PBXFileReference; fileEncoding = 4; lastKnownFileType = file.xib; path = MapViewController.xib; sourceTree = "<group>"; };
		04CFB8FC17A1F440003E56E9 /* MovementButton.h */ = {isa = PBXFileReference; fileEncoding = 4; lastKnownFileType = sourcecode.c.h; path = MovementButton.h; sourceTree = "<group>"; };
		04CFB8FD17A1F440003E56E9 /* MovementButton.m */ = {isa = PBXFileReference; fileEncoding = 4; lastKnownFileType = sourcecode.c.objc; path = MovementButton.m; sourceTree = "<group>"; };
		04D0EC0B17BAF1830098D138 /* DrawingImageView.h */ = {isa = PBXFileReference; fileEncoding = 4; lastKnownFileType = sourcecode.c.h; path = DrawingImageView.h; sourceTree = "<group>"; };
		04D0EC0C17BAF1830098D138 /* DrawingImageView.m */ = {isa = PBXFileReference; fileEncoding = 4; lastKnownFileType = sourcecode.c.objc; path = DrawingImageView.m; sourceTree = "<group>"; };
		04D0EC1B17BB0E3B0098D138 /* SaveViewController.h */ = {isa = PBXFileReference; fileEncoding = 4; lastKnownFileType = sourcecode.c.h; path = SaveViewController.h; sourceTree = "<group>"; };
		04D0EC1C17BB0E3B0098D138 /* SaveViewController.m */ = {isa = PBXFileReference; fileEncoding = 4; lastKnownFileType = sourcecode.c.objc; path = SaveViewController.m; sourceTree = "<group>"; };
		04D13F3A181D833B002F0398 /* SubmitViewController.h */ = {isa = PBXFileReference; fileEncoding = 4; lastKnownFileType = sourcecode.c.h; path = SubmitViewController.h; sourceTree = "<group>"; };
		04D13F3B181D833B002F0398 /* SubmitViewController.m */ = {isa = PBXFileReference; fileEncoding = 4; lastKnownFileType = sourcecode.c.objc; path = SubmitViewController.m; sourceTree = "<group>"; };
		04D13F3C181D833B002F0398 /* SubmitViewController.xib */ = {isa = PBXFileReference; fileEncoding = 4; lastKnownFileType = file.xib; name = SubmitViewController.xib; path = ../../ViewControllers/SubmitViewController.xib; sourceTree = "<group>"; };
		04D13F3F181D834A002F0398 /* ResultViewController.h */ = {isa = PBXFileReference; fileEncoding = 4; lastKnownFileType = sourcecode.c.h; path = ResultViewController.h; sourceTree = "<group>"; };
		04D13F40181D834A002F0398 /* ResultViewController.m */ = {isa = PBXFileReference; fileEncoding = 4; lastKnownFileType = sourcecode.c.objc; path = ResultViewController.m; sourceTree = "<group>"; };
		04D13F41181D834A002F0398 /* ResultViewController.xib */ = {isa = PBXFileReference; fileEncoding = 4; lastKnownFileType = file.xib; name = ResultViewController.xib; path = ../../ViewControllers/ResultViewController.xib; sourceTree = "<group>"; };
		04D13F46181DA36B002F0398 /* routes.json */ = {isa = PBXFileReference; fileEncoding = 4; lastKnownFileType = text.json; path = routes.json; sourceTree = "<group>"; };
		04D13F48181DA8C3002F0398 /* PreloadedRoute.h */ = {isa = PBXFileReference; fileEncoding = 4; lastKnownFileType = sourcecode.c.h; path = PreloadedRoute.h; sourceTree = "<group>"; };
		04D13F49181DA8C3002F0398 /* PreloadedRoute.m */ = {isa = PBXFileReference; fileEncoding = 4; lastKnownFileType = sourcecode.c.objc; path = PreloadedRoute.m; sourceTree = "<group>"; };
		04D3936717D4C36D00862E93 /* zoomButtonLocked.png */ = {isa = PBXFileReference; lastKnownFileType = image.png; path = zoomButtonLocked.png; sourceTree = "<group>"; };
		04D3936817D4C36D00862E93 /* zoomButtonLocked@2x.png */ = {isa = PBXFileReference; lastKnownFileType = image.png; path = "zoomButtonLocked@2x.png"; sourceTree = "<group>"; };
		04D3936917D4C36D00862E93 /* zoomButton.png */ = {isa = PBXFileReference; lastKnownFileType = image.png; path = zoomButton.png; sourceTree = "<group>"; };
		04D3936A17D4C36D00862E93 /* zoomButton@2x.png */ = {isa = PBXFileReference; lastKnownFileType = image.png; path = "zoomButton@2x.png"; sourceTree = "<group>"; };
		04D4E57217B1D8610062AA26 /* terminal9@2x.png */ = {isa = PBXFileReference; lastKnownFileType = image.png; path = "terminal9@2x.png"; sourceTree = "<group>"; };
		04D4E57317B1D8610062AA26 /* terminal10@2x.png */ = {isa = PBXFileReference; lastKnownFileType = image.png; path = "terminal10@2x.png"; sourceTree = "<group>"; };
		04D4E57417B1D8610062AA26 /* terminal0@2x.png */ = {isa = PBXFileReference; lastKnownFileType = image.png; path = "terminal0@2x.png"; sourceTree = "<group>"; };
		04D4E57517B1D8610062AA26 /* terminal1@2x.png */ = {isa = PBXFileReference; lastKnownFileType = image.png; path = "terminal1@2x.png"; sourceTree = "<group>"; };
		04D4E57617B1D8610062AA26 /* terminal2@2x.png */ = {isa = PBXFileReference; lastKnownFileType = image.png; path = "terminal2@2x.png"; sourceTree = "<group>"; };
		04D4E57717B1D8610062AA26 /* terminal3@2x.png */ = {isa = PBXFileReference; lastKnownFileType = image.png; path = "terminal3@2x.png"; sourceTree = "<group>"; };
		04D4E57817B1D8610062AA26 /* terminal4@2x.png */ = {isa = PBXFileReference; lastKnownFileType = image.png; path = "terminal4@2x.png"; sourceTree = "<group>"; };
		04D4E57917B1D8610062AA26 /* terminal5@2x.png */ = {isa = PBXFileReference; lastKnownFileType = image.png; path = "terminal5@2x.png"; sourceTree = "<group>"; };
		04D4E57A17B1D8610062AA26 /* terminal6@2x.png */ = {isa = PBXFileReference; lastKnownFileType = image.png; path = "terminal6@2x.png"; sourceTree = "<group>"; };
		04D4E57B17B1D8610062AA26 /* terminal7@2x.png */ = {isa = PBXFileReference; lastKnownFileType = image.png; path = "terminal7@2x.png"; sourceTree = "<group>"; };
		04D4E57C17B1D8610062AA26 /* terminal8@2x.png */ = {isa = PBXFileReference; lastKnownFileType = image.png; path = "terminal8@2x.png"; sourceTree = "<group>"; };
		04D4E57E17B1D8610062AA26 /* terminal0.png */ = {isa = PBXFileReference; lastKnownFileType = image.png; path = terminal0.png; sourceTree = "<group>"; };
		04D4E57F17B1D8610062AA26 /* terminal9.png */ = {isa = PBXFileReference; lastKnownFileType = image.png; path = terminal9.png; sourceTree = "<group>"; };
		04D4E58017B1D8610062AA26 /* terminal10.png */ = {isa = PBXFileReference; lastKnownFileType = image.png; path = terminal10.png; sourceTree = "<group>"; };
		04D4E58117B1D8610062AA26 /* terminal1.png */ = {isa = PBXFileReference; lastKnownFileType = image.png; path = terminal1.png; sourceTree = "<group>"; };
		04D4E58217B1D8610062AA26 /* terminal2.png */ = {isa = PBXFileReference; lastKnownFileType = image.png; path = terminal2.png; sourceTree = "<group>"; };
		04D4E58317B1D8610062AA26 /* terminal3.png */ = {isa = PBXFileReference; lastKnownFileType = image.png; path = terminal3.png; sourceTree = "<group>"; };
		04D4E58417B1D8610062AA26 /* terminal4.png */ = {isa = PBXFileReference; lastKnownFileType = image.png; path = terminal4.png; sourceTree = "<group>"; };
		04D4E58517B1D8610062AA26 /* terminal5.png */ = {isa = PBXFileReference; lastKnownFileType = image.png; path = terminal5.png; sourceTree = "<group>"; };
		04D4E58617B1D8610062AA26 /* terminal6.png */ = {isa = PBXFileReference; lastKnownFileType = image.png; path = terminal6.png; sourceTree = "<group>"; };
		04D4E58717B1D8610062AA26 /* terminal7.png */ = {isa = PBXFileReference; lastKnownFileType = image.png; path = terminal7.png; sourceTree = "<group>"; };
		04D4E58817B1D8610062AA26 /* terminal8.png */ = {isa = PBXFileReference; lastKnownFileType = image.png; path = terminal8.png; sourceTree = "<group>"; };
		04DA2A6B179DE91200EF177B /* BusRoutes.app */ = {isa = PBXFileReference; explicitFileType = wrapper.application; includeInIndex = 0; path = BusRoutes.app; sourceTree = BUILT_PRODUCTS_DIR; };
		04DA2A6E179DE91200EF177B /* UIKit.framework */ = {isa = PBXFileReference; lastKnownFileType = wrapper.framework; name = UIKit.framework; path = System/Library/Frameworks/UIKit.framework; sourceTree = SDKROOT; };
		04DA2A70179DE91200EF177B /* Foundation.framework */ = {isa = PBXFileReference; lastKnownFileType = wrapper.framework; name = Foundation.framework; path = System/Library/Frameworks/Foundation.framework; sourceTree = SDKROOT; };
		04DA2A72179DE91200EF177B /* CoreGraphics.framework */ = {isa = PBXFileReference; lastKnownFileType = wrapper.framework; name = CoreGraphics.framework; path = System/Library/Frameworks/CoreGraphics.framework; sourceTree = SDKROOT; };
		04DA2A76179DE91200EF177B /* BusRoutes-Info.plist */ = {isa = PBXFileReference; lastKnownFileType = text.plist.xml; path = "BusRoutes-Info.plist"; sourceTree = "<group>"; };
		04DA2A78179DE91200EF177B /* en */ = {isa = PBXFileReference; lastKnownFileType = text.plist.strings; name = en; path = en.lproj/InfoPlist.strings; sourceTree = "<group>"; };
		04DA2A7A179DE91200EF177B /* main.m */ = {isa = PBXFileReference; lastKnownFileType = sourcecode.c.objc; path = main.m; sourceTree = "<group>"; };
		04DA2A7C179DE91200EF177B /* BusRoutes-Prefix.pch */ = {isa = PBXFileReference; lastKnownFileType = sourcecode.c.h; path = "BusRoutes-Prefix.pch"; sourceTree = "<group>"; };
		04DA2A7D179DE91200EF177B /* BusRoutesAppDelegate.h */ = {isa = PBXFileReference; lastKnownFileType = sourcecode.c.h; path = BusRoutesAppDelegate.h; sourceTree = "<group>"; };
		04DA2A7E179DE91200EF177B /* BusRoutesAppDelegate.m */ = {isa = PBXFileReference; lastKnownFileType = sourcecode.c.objc; path = BusRoutesAppDelegate.m; sourceTree = "<group>"; };
		04DA2A80179DE91200EF177B /* Default.png */ = {isa = PBXFileReference; lastKnownFileType = image.png; path = Default.png; sourceTree = "<group>"; };
		04DA2A82179DE91200EF177B /* Default@2x.png */ = {isa = PBXFileReference; lastKnownFileType = image.png; path = "Default@2x.png"; sourceTree = "<group>"; };
		04DA2A84179DE91200EF177B /* Default-568h@2x.png */ = {isa = PBXFileReference; lastKnownFileType = image.png; path = "Default-568h@2x.png"; sourceTree = "<group>"; };
		04DA2A8A179DE91200EF177B /* en */ = {isa = PBXFileReference; lastKnownFileType = file.xib; name = en; path = en.lproj/BusRoutesViewController.xib; sourceTree = "<group>"; };
		04DA2AA2179E113A00EF177B /* CoreLocation.framework */ = {isa = PBXFileReference; lastKnownFileType = wrapper.framework; name = CoreLocation.framework; path = System/Library/Frameworks/CoreLocation.framework; sourceTree = SDKROOT; };
		04DA2AA4179E116400EF177B /* MapKit.framework */ = {isa = PBXFileReference; lastKnownFileType = wrapper.framework; name = MapKit.framework; path = System/Library/Frameworks/MapKit.framework; sourceTree = SDKROOT; };
/* End PBXFileReference section */

/* Begin PBXFrameworksBuildPhase section */
		04DA2A68179DE91200EF177B /* Frameworks */ = {
			isa = PBXFrameworksBuildPhase;
			buildActionMask = 2147483647;
			files = (
				04C8109917AFE0EC00D194AC /* SystemConfiguration.framework in Frameworks */,
				04CACFDB17ADE30F004EE283 /* libxml2.2.dylib in Frameworks */,
				04BA5CE517A5CA7900EDEE4C /* QuartzCore.framework in Frameworks */,
				04DA2AA5179E116400EF177B /* MapKit.framework in Frameworks */,
				04DA2AA3179E113A00EF177B /* CoreLocation.framework in Frameworks */,
				04DA2A6F179DE91200EF177B /* UIKit.framework in Frameworks */,
				04DA2A71179DE91200EF177B /* Foundation.framework in Frameworks */,
				04DA2A73179DE91200EF177B /* CoreGraphics.framework in Frameworks */,
				04BF6236179F35CB008380FD /* KML.framework in Frameworks */,
			);
			runOnlyForDeploymentPostprocessing = 0;
		};
/* End PBXFrameworksBuildPhase section */

/* Begin PBXGroup section */
		04B92C1817B316EF00EA08FD /* Utils */ = {
			isa = PBXGroup;
			children = (
				04B92C1917B3170B00EA08FD /* Utils.h */,
				04B92C1A17B3170B00EA08FD /* Utils.m */,
				04CF4F0E17C589F100E157F8 /* KDElement.h */,
				04CF4F0F17C589F100E157F8 /* KDElement.m */,
				04B4084217C4483A0037DD7A /* KDTree.h */,
				04B4084317C4483A0037DD7A /* KDTree.m */,
			);
			name = Utils;
			sourceTree = "<group>";
		};
		04C1302717CD857500EC175A /* Buttons */ = {
			isa = PBXGroup;
			children = (
				04D3936717D4C36D00862E93 /* zoomButtonLocked.png */,
				04D3936817D4C36D00862E93 /* zoomButtonLocked@2x.png */,
				04D3936917D4C36D00862E93 /* zoomButton.png */,
				04D3936A17D4C36D00862E93 /* zoomButton@2x.png */,
				04C1306E17CD869C00EC175A /* buttonBackGround.png */,
				04C1306C17CD866100EC175A /* buttonBackGround@2x.png */,
				04C1302817CD857500EC175A /* checkBox.png */,
				04C1302917CD857500EC175A /* checkBox@2x.png */,
				04C1302A17CD857500EC175A /* checkBoxChecked.png */,
				04C1302B17CD857500EC175A /* checkBoxChecked@2x.png */,
				04C1302C17CD857500EC175A /* clearButton.png */,
				04C1302D17CD857500EC175A /* clearButton@2x.png */,
				04C1303017CD857500EC175A /* createRoute.png */,
				04C1303117CD857500EC175A /* createRoute@2x.png */,
				04C1303217CD857500EC175A /* createRouteDisabled.png */,
				04C1303317CD857500EC175A /* createRouteDisabled@2x.png */,
				04C1303417CD857500EC175A /* deleteButton.png */,
				04C1303517CD857500EC175A /* deleteButton2@x.png */,
				04C1303617CD857500EC175A /* deleteButtonSelected.png */,
				04C1303717CD857500EC175A /* deleteButtonSelected@2x.png */,
				04C1303817CD857500EC175A /* exitButton.png */,
				04C1303917CD857500EC175A /* exitButton@2x.png */,
				04C1303A17CD857500EC175A /* exitButtonLarge.png */,
				04C1303B17CD857500EC175A /* exitButtonLarge@2x.png */,
				04C1303C17CD857500EC175A /* infoButton.png */,
				04C1303D17CD857500EC175A /* infoButton2@x.png */,
				04C1304017CD857500EC175A /* radioButton.png */,
				04C1304117CD857500EC175A /* radioButton2@x.png */,
				04C1304217CD857500EC175A /* radioButtonSelected.png */,
				04C1304317CD857500EC175A /* radioButtonSelected2@x.png */,
				04C1304617CD857500EC175A /* reversed.png */,
				04C1304717CD857500EC175A /* reversed@2x.png */,
				04C1304817CD857500EC175A /* saveButton.png */,
				04C1304917CD857500EC175A /* saveButton@2x.png */,
			);
			path = Buttons;
			sourceTree = "<group>";
		};
		04C2FEDA17B7FFC7002B9075 /* Tables */ = {
			isa = PBXGroup;
			children = (
				04C2FEDB17B7FFC7002B9075 /* LocationsTable.xib */,
				04C2FEDC17B7FFC7002B9075 /* NumericNodeTableViewController.xib */,
				04C2FEDD17B7FFC7002B9075 /* TerminalTable.xib */,
			);
			path = Tables;
			sourceTree = "<group>";
		};
		04C2FEE117B7FFDC002B9075 /* Tables */ = {
			isa = PBXGroup;
			children = (
				04C2FEE217B7FFDC002B9075 /* LocationsTable.h */,
				04C2FEE317B7FFDC002B9075 /* LocationsTable.m */,
				04C2FEE417B7FFDC002B9075 /* NumericNodeTable.h */,
				04C2FEE517B7FFDC002B9075 /* NumericNodeTable.m */,
				04C2FEE617B7FFDC002B9075 /* TerminalTable.h */,
				04C2FEE717B7FFDC002B9075 /* TerminalTable.m */,
			);
			path = Tables;
			sourceTree = "<group>";
		};
		04C8109A17B0032D00D194AC /* dots */ = {
			isa = PBXGroup;
			children = (
				04C810B217B0032D00D194AC /* retina */,
				04C810C817B0032D00D194AC /* standard */,
			);
			path = dots;
			sourceTree = "<group>";
		};
		04C810B217B0032D00D194AC /* retina */ = {
			isa = PBXGroup;
			children = (
				04C810B317B0032D00D194AC /* dot0@2x.png */,
				04C810B417B0032D00D194AC /* dot10@2x.png */,
				04C810B517B0032D00D194AC /* dot11@2x.png */,
				04C810B617B0032D00D194AC /* dot12@2x.png */,
				04C810B717B0032D00D194AC /* dot13@2x.png */,
				04C810B817B0032D00D194AC /* dot14@2x.png */,
				04C810B917B0032D00D194AC /* dot15@2x.png */,
				04C810BA17B0032D00D194AC /* dot16@2x.png */,
				04C810BB17B0032D00D194AC /* dot17@2x.png */,
				04C810BC17B0032D00D194AC /* dot18@2x.png */,
				04C810BD17B0032D00D194AC /* dot19@2x.png */,
				04C810BE17B0032D00D194AC /* dot1@2x.png */,
				04C810BF17B0032D00D194AC /* dot20@2x.png */,
				04C810C017B0032D00D194AC /* dot2@2x.png */,
				04C810C117B0032D00D194AC /* dot3@2x.png */,
				04C810C217B0032D00D194AC /* dot4@2x.png */,
				04C810C317B0032D00D194AC /* dot5@2x.png */,
				04C810C417B0032D00D194AC /* dot6@2x.png */,
				04C810C517B0032D00D194AC /* dot7@2x.png */,
				04C810C617B0032D00D194AC /* dot8@2x.png */,
				04C810C717B0032D00D194AC /* dot9@2x.png */,
			);
			path = retina;
			sourceTree = "<group>";
		};
		04C810C817B0032D00D194AC /* standard */ = {
			isa = PBXGroup;
			children = (
				04C810C917B0032D00D194AC /* dot0.png */,
				04C810CA17B0032D00D194AC /* dot1.png */,
				04C810CB17B0032D00D194AC /* dot10.png */,
				04C810CC17B0032D00D194AC /* dot11.png */,
				04C810CD17B0032D00D194AC /* dot12.png */,
				04C810CE17B0032D00D194AC /* dot13.png */,
				04C810CF17B0032D00D194AC /* dot14.png */,
				04C810D017B0032D00D194AC /* dot15.png */,
				04C810D117B0032D00D194AC /* dot16.png */,
				04C810D217B0032D00D194AC /* dot17.png */,
				04C810D317B0032D00D194AC /* dot18.png */,
				04C810D417B0032D00D194AC /* dot19.png */,
				04C810D517B0032D00D194AC /* dot2.png */,
				04C810D617B0032D00D194AC /* dot20.png */,
				04C810D717B0032D00D194AC /* dot3.png */,
				04C810D817B0032D00D194AC /* dot4.png */,
				04C810D917B0032D00D194AC /* dot5.png */,
				04C810DA17B0032D00D194AC /* dot6.png */,
				04C810DB17B0032D00D194AC /* dot7.png */,
				04C810DC17B0032D00D194AC /* dot8.png */,
				04C810DD17B0032D00D194AC /* dot9.png */,
			);
			path = standard;
			sourceTree = "<group>";
		};
		04CFB8DA17A1F360003E56E9 /* DataFiles */ = {
			isa = PBXGroup;
			children = (
				04D13F46181DA36B002F0398 /* routes.json */,
				04CFB8DB17A1F360003E56E9 /* DataReader.h */,
				04CFB8DC17A1F360003E56E9 /* DataReader.m */,
				04CFB8DD17A1F360003E56E9 /* RegionZoomData.h */,
				04CFB8DE17A1F360003E56E9 /* RegionZoomData.m */,
			);
			path = DataFiles;
			sourceTree = "<group>";
		};
		04CFB8E117A1F36A003E56E9 /* Nibs */ = {
			isa = PBXGroup;
			children = (
				04C2FEDA17B7FFC7002B9075 /* Tables */,
				04CFB8E317A1F36A003E56E9 /* ViewController */,
				04CFB8E417A1F36A003E56E9 /* Views */,
			);
			path = Nibs;
			sourceTree = "<group>";
		};
		04CFB8E317A1F36A003E56E9 /* ViewController */ = {
			isa = PBXGroup;
			children = (
				04C1302117CD767F00EC175A /* InfoViewController.xib */,
				04B568AA17C973F70019509F /* PruneViewController.xib */,
				04B568AB17C973F70019509F /* SaveViewController.xib */,
				04D13F3C181D833B002F0398 /* SubmitViewController.xib */,
				04D13F41181D834A002F0398 /* ResultViewController.xib */,
				04CFB8F817A1F38E003E56E9 /* MapViewController.xib */,
			);
			path = ViewController;
			sourceTree = "<group>";
		};
		04CFB8E417A1F36A003E56E9 /* Views */ = {
			isa = PBXGroup;
			children = (
				04B92C1317B310C800EA08FD /* NumericNodeCell.xib */,
				04BE659017D4083500C34D35 /* KeyView.xib */,
				04C8112117B0089E00D194AC /* LegendView.xib */,
			);
			path = Views;
			sourceTree = "<group>";
		};
		04CFB8E517A1F36A003E56E9 /* Objects */ = {
			isa = PBXGroup;
			children = (
				04B92C1817B316EF00EA08FD /* Utils */,
				04CFB8E617A1F36A003E56E9 /* BusStop.h */,
				04CFB8E717A1F36A003E56E9 /* BusStop.m */,
				04D13F48181DA8C3002F0398 /* PreloadedRoute.h */,
				04D13F49181DA8C3002F0398 /* PreloadedRoute.m */,
				04CFB8FC17A1F440003E56E9 /* MovementButton.h */,
				04CFB8FD17A1F440003E56E9 /* MovementButton.m */,
				04BA5CE717A5DA3D00EDEE4C /* BusRoute.h */,
				04BA5CE817A5DA3D00EDEE4C /* BusRoute.m */,
				04BA5CEA17A5E0E400EDEE4C /* Enums.h */,
				04CACFBF17AD43E2004EE283 /* DisplayButton.h */,
				04CACFC017AD43E2004EE283 /* DisplayButton.m */,
				04BFFFD117B6F01F0057B81E /* TerminalNodeCell.h */,
				04BFFFD217B6F01F0057B81E /* TerminalNodeCell.m */,
				04C8111E17B0062500D194AC /* StopsButton.h */,
				04C8111F17B0062500D194AC /* StopsButton.m */,
				04C2FEEB17B7FFFA002B9075 /* NumericNodeCell.h */,
				04C2FEEC17B7FFFA002B9075 /* NumericNodeCell.m */,
				04BFFFD417B717660057B81E /* LegendElement.h */,
				04BFFFD517B717660057B81E /* LegendElement.m */,
			);
			path = Objects;
			sourceTree = "<group>";
		};
		04CFB8E817A1F36A003E56E9 /* Resources */ = {
			isa = PBXGroup;
			children = (
				040AB99017F10FE500CBEEF2 /* greenDot.png */,
				040AB99117F10FE500CBEEF2 /* greenDot@2x.png */,
				040AB98C17F0EBCF00CBEEF2 /* redDot.png */,
				040AB98D17F0EBCF00CBEEF2 /* redDot@2x.png */,
				04D4E56417B1D8610062AA26 /* terminal */,
				04C8109A17B0032D00D194AC /* dots */,
				04C1302717CD857500EC175A /* Buttons */,
				04C8109617AFE02D00D194AC /* Bus Stops.kml */,
				04C8109417AFE02700D194AC /* Bus Routes.kml */,
				04BA64DA17AF39EF001D4B56 /* sample.plist */,
				04CACFC817ADC906004EE283 /* stop@2x.png */,
				04BE659517D414C500C34D35 /* keyBackGround.png */,
				04CACFC617ADC817004EE283 /* stop.png */,
				04C4439617C1A17C00485D41 /* Strings.plist */,
			);
			path = Resources;
			sourceTree = "<group>";
		};
		04CFB8EA17A1F36A003E56E9 /* ViewControllers */ = {
			isa = PBXGroup;
			children = (
				04C4F88517CEDBAC00E6F557 /* PruneViewController.h */,
				04C4F88617CEDBAC00E6F557 /* PruneViewController.m */,
				04CFB8EB17A1F36A003E56E9 /* BusRoutesViewController.h */,
				04CFB8EC17A1F36A003E56E9 /* BusRoutesViewController.m */,
				04CFB8ED17A1F36A003E56E9 /* MapViewController.h */,
				04CFB8EE17A1F36A003E56E9 /* MapViewController.m */,
				04BA5CDF17A40E4700EDEE4C /* BusRoutesNavigationController.h */,
				04BA5CE017A40E4700EDEE4C /* BusRoutesNavigationController.m */,
				04B92C1017B30FFD00EA08FD /* NumericNode.h */,
				04B92C1117B30FFD00EA08FD /* NumericNode.m */,
				04D0EC1B17BB0E3B0098D138 /* SaveViewController.h */,
				04D0EC1C17BB0E3B0098D138 /* SaveViewController.m */,
				04C1301C17CD752800EC175A /* InfoViewController.h */,
				04C1301D17CD752800EC175A /* InfoViewController.m */,
				04D13F3A181D833B002F0398 /* SubmitViewController.h */,
				04D13F3B181D833B002F0398 /* SubmitViewController.m */,
				04D13F3F181D834A002F0398 /* ResultViewController.h */,
				04D13F40181D834A002F0398 /* ResultViewController.m */,
			);
			path = ViewControllers;
			sourceTree = "<group>";
		};
		04CFB8EF17A1F36A003E56E9 /* Views */ = {
			isa = PBXGroup;
			children = (
				04C8112317B0127800D194AC /* LegendView.h */,
				04C8112417B0127800D194AC /* LegendView.m */,
				04D0EC0B17BAF1830098D138 /* DrawingImageView.h */,
				04D0EC0C17BAF1830098D138 /* DrawingImageView.m */,
				04BE659217D409D600C34D35 /* KeyView.h */,
				04BE659317D409D600C34D35 /* KeyView.m */,
			);
			path = Views;
			sourceTree = "<group>";
		};
		04D423C117BFB85800DEC31D /* Categories */ = {
			isa = PBXGroup;
			children = (
			);
			path = Categories;
			sourceTree = "<group>";
		};
		04D4E56417B1D8610062AA26 /* terminal */ = {
			isa = PBXGroup;
			children = (
				04D4E57117B1D8610062AA26 /* retina */,
				04D4E57D17B1D8610062AA26 /* standard */,
			);
			path = terminal;
			sourceTree = "<group>";
		};
		04D4E57117B1D8610062AA26 /* retina */ = {
			isa = PBXGroup;
			children = (
				04D4E57217B1D8610062AA26 /* terminal9@2x.png */,
				04D4E57317B1D8610062AA26 /* terminal10@2x.png */,
				04D4E57417B1D8610062AA26 /* terminal0@2x.png */,
				04D4E57517B1D8610062AA26 /* terminal1@2x.png */,
				04D4E57617B1D8610062AA26 /* terminal2@2x.png */,
				04D4E57717B1D8610062AA26 /* terminal3@2x.png */,
				04D4E57817B1D8610062AA26 /* terminal4@2x.png */,
				04D4E57917B1D8610062AA26 /* terminal5@2x.png */,
				04D4E57A17B1D8610062AA26 /* terminal6@2x.png */,
				04D4E57B17B1D8610062AA26 /* terminal7@2x.png */,
				04D4E57C17B1D8610062AA26 /* terminal8@2x.png */,
			);
			path = retina;
			sourceTree = "<group>";
		};
		04D4E57D17B1D8610062AA26 /* standard */ = {
			isa = PBXGroup;
			children = (
				04D4E57E17B1D8610062AA26 /* terminal0.png */,
				04D4E57F17B1D8610062AA26 /* terminal9.png */,
				04D4E58017B1D8610062AA26 /* terminal10.png */,
				04D4E58117B1D8610062AA26 /* terminal1.png */,
				04D4E58217B1D8610062AA26 /* terminal2.png */,
				04D4E58317B1D8610062AA26 /* terminal3.png */,
				04D4E58417B1D8610062AA26 /* terminal4.png */,
				04D4E58517B1D8610062AA26 /* terminal5.png */,
				04D4E58617B1D8610062AA26 /* terminal6.png */,
				04D4E58717B1D8610062AA26 /* terminal7.png */,
				04D4E58817B1D8610062AA26 /* terminal8.png */,
			);
			path = standard;
			sourceTree = "<group>";
		};
		04DA2A62179DE91200EF177B = {
			isa = PBXGroup;
			children = (
				04DA2A74179DE91200EF177B /* BusRoutes */,
				04DA2A6D179DE91200EF177B /* Frameworks */,
				04DA2A6C179DE91200EF177B /* Products */,
			);
			sourceTree = "<group>";
		};
		04DA2A6C179DE91200EF177B /* Products */ = {
			isa = PBXGroup;
			children = (
				04DA2A6B179DE91200EF177B /* BusRoutes.app */,
			);
			name = Products;
			sourceTree = "<group>";
		};
		04DA2A6D179DE91200EF177B /* Frameworks */ = {
			isa = PBXGroup;
			children = (
				04C8109817AFE0EC00D194AC /* SystemConfiguration.framework */,
				04CACFD917ADE30F004EE283 /* libxml2.2.dylib */,
				04BA5CE417A5CA7900EDEE4C /* QuartzCore.framework */,
				04BF6235179F35CB008380FD /* KML.framework */,
				04DA2AA4179E116400EF177B /* MapKit.framework */,
				04DA2AA2179E113A00EF177B /* CoreLocation.framework */,
				04DA2A6E179DE91200EF177B /* UIKit.framework */,
				04DA2A70179DE91200EF177B /* Foundation.framework */,
				04DA2A72179DE91200EF177B /* CoreGraphics.framework */,
			);
			name = Frameworks;
			sourceTree = "<group>";
		};
		04DA2A74179DE91200EF177B /* BusRoutes */ = {
			isa = PBXGroup;
			children = (
				04D423C117BFB85800DEC31D /* Categories */,
				04CFB8E117A1F36A003E56E9 /* Nibs */,
				04CFB8E517A1F36A003E56E9 /* Objects */,
				04CFB8E817A1F36A003E56E9 /* Resources */,
				04C2FEE117B7FFDC002B9075 /* Tables */,
				04CFB8EA17A1F36A003E56E9 /* ViewControllers */,
				04CFB8EF17A1F36A003E56E9 /* Views */,
				04CFB8DA17A1F360003E56E9 /* DataFiles */,
				04DA2A7D179DE91200EF177B /* BusRoutesAppDelegate.h */,
				04DA2A7E179DE91200EF177B /* BusRoutesAppDelegate.m */,
				04DA2A89179DE91200EF177B /* BusRoutesViewController.xib */,
				04DA2A75179DE91200EF177B /* Supporting Files */,
			);
			path = BusRoutes;
			sourceTree = "<group>";
		};
		04DA2A75179DE91200EF177B /* Supporting Files */ = {
			isa = PBXGroup;
			children = (
				04DA2A76179DE91200EF177B /* BusRoutes-Info.plist */,
				04DA2A77179DE91200EF177B /* InfoPlist.strings */,
				04DA2A7A179DE91200EF177B /* main.m */,
				04DA2A7C179DE91200EF177B /* BusRoutes-Prefix.pch */,
				04DA2A80179DE91200EF177B /* Default.png */,
				04DA2A82179DE91200EF177B /* Default@2x.png */,
				04DA2A84179DE91200EF177B /* Default-568h@2x.png */,
			);
			name = "Supporting Files";
			sourceTree = "<group>";
		};
/* End PBXGroup section */

/* Begin PBXNativeTarget section */
		04DA2A6A179DE91200EF177B /* BusRoutes */ = {
			isa = PBXNativeTarget;
			buildConfigurationList = 04DA2A8E179DE91200EF177B /* Build configuration list for PBXNativeTarget "BusRoutes" */;
			buildPhases = (
				04DA2A67179DE91200EF177B /* Sources */,
				04DA2A68179DE91200EF177B /* Frameworks */,
				04DA2A69179DE91200EF177B /* Resources */,
			);
			buildRules = (
			);
			dependencies = (
			);
			name = BusRoutes;
			productName = BusRoutes;
			productReference = 04DA2A6B179DE91200EF177B /* BusRoutes.app */;
			productType = "com.apple.product-type.application";
		};
/* End PBXNativeTarget section */

/* Begin PBXProject section */
		04DA2A63179DE91200EF177B /* Project object */ = {
			isa = PBXProject;
			attributes = {
				CLASSPREFIX = BusRoutes;
				LastUpgradeCheck = 0460;
				ORGANIZATIONNAME = "Aaron Eisses";
			};
			buildConfigurationList = 04DA2A66179DE91200EF177B /* Build configuration list for PBXProject "BusRoutes" */;
			compatibilityVersion = "Xcode 3.2";
			developmentRegion = English;
			hasScannedForEncodings = 0;
			knownRegions = (
				en,
			);
			mainGroup = 04DA2A62179DE91200EF177B;
			productRefGroup = 04DA2A6C179DE91200EF177B /* Products */;
			projectDirPath = "";
			projectRoot = "";
			targets = (
				04DA2A6A179DE91200EF177B /* BusRoutes */,
			);
		};
/* End PBXProject section */

/* Begin PBXResourcesBuildPhase section */
		04DA2A69179DE91200EF177B /* Resources */ = {
			isa = PBXResourcesBuildPhase;
			buildActionMask = 2147483647;
			files = (
				04DA2A79179DE91200EF177B /* InfoPlist.strings in Resources */,
				04DA2A81179DE91200EF177B /* Default.png in Resources */,
				04DA2A83179DE91200EF177B /* Default@2x.png in Resources */,
				04DA2A85179DE91200EF177B /* Default-568h@2x.png in Resources */,
				040AB99317F10FE500CBEEF2 /* greenDot@2x.png in Resources */,
				04DA2A8B179DE91200EF177B /* BusRoutesViewController.xib in Resources */,
				04CFB8F917A1F38E003E56E9 /* MapViewController.xib in Resources */,
				04CACFC717ADC817004EE283 /* stop.png in Resources */,
				04CACFC917ADC906004EE283 /* stop@2x.png in Resources */,
				04BA64DB17AF39EF001D4B56 /* sample.plist in Resources */,
				04C8109517AFE02700D194AC /* Bus Routes.kml in Resources */,
				04C8109717AFE02D00D194AC /* Bus Stops.kml in Resources */,
				04C810F417B0032D00D194AC /* dot0@2x.png in Resources */,
				04C810F517B0032D00D194AC /* dot10@2x.png in Resources */,
				04C810F617B0032D00D194AC /* dot11@2x.png in Resources */,
				04C810F717B0032D00D194AC /* dot12@2x.png in Resources */,
				04C810F817B0032D00D194AC /* dot13@2x.png in Resources */,
				04C810F917B0032D00D194AC /* dot14@2x.png in Resources */,
				04C810FA17B0032D00D194AC /* dot15@2x.png in Resources */,
				04C810FB17B0032D00D194AC /* dot16@2x.png in Resources */,
				04C810FC17B0032D00D194AC /* dot17@2x.png in Resources */,
				04D13F47181DA36B002F0398 /* routes.json in Resources */,
				04C810FD17B0032D00D194AC /* dot18@2x.png in Resources */,
				04C810FE17B0032D00D194AC /* dot19@2x.png in Resources */,
				04C810FF17B0032D00D194AC /* dot1@2x.png in Resources */,
				04C8110017B0032D00D194AC /* dot20@2x.png in Resources */,
				04C8110117B0032D00D194AC /* dot2@2x.png in Resources */,
				04C8110217B0032D00D194AC /* dot3@2x.png in Resources */,
				04C8110317B0032D00D194AC /* dot4@2x.png in Resources */,
				04C8110417B0032D00D194AC /* dot5@2x.png in Resources */,
				04C8110517B0032D00D194AC /* dot6@2x.png in Resources */,
				04C8110617B0032D00D194AC /* dot7@2x.png in Resources */,
				04C8110717B0032D00D194AC /* dot8@2x.png in Resources */,
				040AB98E17F0EBCF00CBEEF2 /* redDot.png in Resources */,
				04C8110817B0032D00D194AC /* dot9@2x.png in Resources */,
				04C8110917B0032D00D194AC /* dot0.png in Resources */,
				04C8110A17B0032D00D194AC /* dot1.png in Resources */,
				04C8110B17B0032D00D194AC /* dot10.png in Resources */,
				04C8110C17B0032D00D194AC /* dot11.png in Resources */,
				04C8110D17B0032D00D194AC /* dot12.png in Resources */,
				04C8110E17B0032D00D194AC /* dot13.png in Resources */,
				04C8110F17B0032D00D194AC /* dot14.png in Resources */,
				04C8111017B0032D00D194AC /* dot15.png in Resources */,
				04C8111117B0032D00D194AC /* dot16.png in Resources */,
				040AB99217F10FE500CBEEF2 /* greenDot.png in Resources */,
				04C8111217B0032D00D194AC /* dot17.png in Resources */,
				04C8111317B0032D00D194AC /* dot18.png in Resources */,
				04C8111417B0032D00D194AC /* dot19.png in Resources */,
				04C8111517B0032D00D194AC /* dot2.png in Resources */,
				04C8111617B0032D00D194AC /* dot20.png in Resources */,
				04C8111717B0032D00D194AC /* dot3.png in Resources */,
				04C8111817B0032D00D194AC /* dot4.png in Resources */,
				04C8111917B0032D00D194AC /* dot5.png in Resources */,
				04C8111A17B0032D00D194AC /* dot6.png in Resources */,
				04C8111B17B0032D00D194AC /* dot7.png in Resources */,
				04C8111C17B0032D00D194AC /* dot8.png in Resources */,
				04C8111D17B0032D00D194AC /* dot9.png in Resources */,
				04C8112217B0089E00D194AC /* LegendView.xib in Resources */,
				04D4E59417B1D8610062AA26 /* terminal9@2x.png in Resources */,
				04D4E59517B1D8610062AA26 /* terminal10@2x.png in Resources */,
				04D4E59617B1D8610062AA26 /* terminal0@2x.png in Resources */,
				04D4E59717B1D8610062AA26 /* terminal1@2x.png in Resources */,
				04D4E59817B1D8610062AA26 /* terminal2@2x.png in Resources */,
				04D4E59917B1D8610062AA26 /* terminal3@2x.png in Resources */,
				04D4E59A17B1D8610062AA26 /* terminal4@2x.png in Resources */,
				04D4E59B17B1D8610062AA26 /* terminal5@2x.png in Resources */,
				04D4E59C17B1D8610062AA26 /* terminal6@2x.png in Resources */,
				04D4E59D17B1D8610062AA26 /* terminal7@2x.png in Resources */,
				04D4E59E17B1D8610062AA26 /* terminal8@2x.png in Resources */,
				04D4E59F17B1D8610062AA26 /* terminal0.png in Resources */,
				04D4E5A017B1D8610062AA26 /* terminal9.png in Resources */,
				04D4E5A117B1D8610062AA26 /* terminal10.png in Resources */,
				04D4E5A217B1D8610062AA26 /* terminal1.png in Resources */,
				04D4E5A317B1D8610062AA26 /* terminal2.png in Resources */,
				04D4E5A417B1D8610062AA26 /* terminal3.png in Resources */,
				04D4E5A517B1D8610062AA26 /* terminal4.png in Resources */,
				04D4E5A617B1D8610062AA26 /* terminal5.png in Resources */,
				04D4E5A717B1D8610062AA26 /* terminal6.png in Resources */,
				04D4E5A817B1D8610062AA26 /* terminal7.png in Resources */,
				04D13F3E181D833B002F0398 /* SubmitViewController.xib in Resources */,
				04D13F43181D834A002F0398 /* ResultViewController.xib in Resources */,
				04D4E5A917B1D8610062AA26 /* terminal8.png in Resources */,
				04B92C1417B310C800EA08FD /* NumericNodeCell.xib in Resources */,
				04C2FEDE17B7FFC7002B9075 /* LocationsTable.xib in Resources */,
				04C2FEDF17B7FFC7002B9075 /* NumericNodeTableViewController.xib in Resources */,
				04C2FEE017B7FFC7002B9075 /* TerminalTable.xib in Resources */,
				04C4439717C1A17C00485D41 /* Strings.plist in Resources */,
				04B568AC17C973F70019509F /* PruneViewController.xib in Resources */,
				04B568AD17C973F70019509F /* SaveViewController.xib in Resources */,
				04C1302217CD767F00EC175A /* InfoViewController.xib in Resources */,
				04C1304A17CD857500EC175A /* checkBox.png in Resources */,
				04C1304B17CD857500EC175A /* checkBox@2x.png in Resources */,
				04C1304C17CD857500EC175A /* checkBoxChecked.png in Resources */,
				04C1304D17CD857500EC175A /* checkBoxChecked@2x.png in Resources */,
				04C1304E17CD857500EC175A /* clearButton.png in Resources */,
				04C1304F17CD857500EC175A /* clearButton@2x.png in Resources */,
				04C1305217CD857500EC175A /* createRoute.png in Resources */,
				04C1305317CD857500EC175A /* createRoute@2x.png in Resources */,
				04C1305417CD857500EC175A /* createRouteDisabled.png in Resources */,
				04C1305517CD857500EC175A /* createRouteDisabled@2x.png in Resources */,
				04C1305617CD857500EC175A /* deleteButton.png in Resources */,
				04C1305717CD857500EC175A /* deleteButton2@x.png in Resources */,
				04C1305817CD857500EC175A /* deleteButtonSelected.png in Resources */,
				04C1305917CD857500EC175A /* deleteButtonSelected@2x.png in Resources */,
				04C1305A17CD857500EC175A /* exitButton.png in Resources */,
				04C1305B17CD857500EC175A /* exitButton@2x.png in Resources */,
				04C1305C17CD857500EC175A /* exitButtonLarge.png in Resources */,
				04C1305D17CD857500EC175A /* exitButtonLarge@2x.png in Resources */,
				04C1305E17CD857500EC175A /* infoButton.png in Resources */,
				04C1305F17CD857500EC175A /* infoButton2@x.png in Resources */,
				04C1306217CD857500EC175A /* radioButton.png in Resources */,
				04C1306317CD857500EC175A /* radioButton2@x.png in Resources */,
				04C1306417CD857500EC175A /* radioButtonSelected.png in Resources */,
				04C1306517CD857500EC175A /* radioButtonSelected2@x.png in Resources */,
				04C1306817CD857500EC175A /* reversed.png in Resources */,
				04C1306917CD857500EC175A /* reversed@2x.png in Resources */,
				04C1306A17CD857500EC175A /* saveButton.png in Resources */,
				04C1306B17CD857500EC175A /* saveButton@2x.png in Resources */,
				04C1306D17CD866200EC175A /* buttonBackGround@2x.png in Resources */,
				04C1306F17CD869D00EC175A /* buttonBackGround.png in Resources */,
				04BE659117D4083500C34D35 /* KeyView.xib in Resources */,
				04BE659617D414C500C34D35 /* keyBackGround.png in Resources */,
				04D3936B17D4C36D00862E93 /* zoomButtonLocked.png in Resources */,
				040AB98F17F0EBCF00CBEEF2 /* redDot@2x.png in Resources */,
				04D3936C17D4C36D00862E93 /* zoomButtonLocked@2x.png in Resources */,
				04D3936D17D4C36D00862E93 /* zoomButton.png in Resources */,
				04D3936E17D4C36D00862E93 /* zoomButton@2x.png in Resources */,
			);
			runOnlyForDeploymentPostprocessing = 0;
		};
/* End PBXResourcesBuildPhase section */

/* Begin PBXSourcesBuildPhase section */
		04DA2A67179DE91200EF177B /* Sources */ = {
			isa = PBXSourcesBuildPhase;
			buildActionMask = 2147483647;
			files = (
				04C4F88717CEDBDD00E6F557 /* PruneViewController.m in Sources */,
				04C2FEED17B80051002B9075 /* NumericNodeCell.m in Sources */,
				04DA2A7B179DE91200EF177B /* main.m in Sources */,
				04DA2A7F179DE91200EF177B /* BusRoutesAppDelegate.m in Sources */,
				04CFB8DF17A1F360003E56E9 /* DataReader.m in Sources */,
				04CFB8E017A1F360003E56E9 /* RegionZoomData.m in Sources */,
				04CFB8F317A1F36A003E56E9 /* BusStop.m in Sources */,
				04CFB8F517A1F36A003E56E9 /* BusRoutesViewController.m in Sources */,
				04CFB8F617A1F36A003E56E9 /* MapViewController.m in Sources */,
				04CFB8FE17A1F440003E56E9 /* MovementButton.m in Sources */,
				04BA5CE117A40E4700EDEE4C /* BusRoutesNavigationController.m in Sources */,
				04BA5CE917A5DA3D00EDEE4C /* BusRoute.m in Sources */,
				04CACFC117AD43E2004EE283 /* DisplayButton.m in Sources */,
				04C8112017B0062500D194AC /* StopsButton.m in Sources */,
				04C8112517B0127800D194AC /* LegendView.m in Sources */,
				04B92C1217B30FFD00EA08FD /* NumericNode.m in Sources */,
				04B92C1B17B3170B00EA08FD /* Utils.m in Sources */,
				04BFFFD317B6F01F0057B81E /* TerminalNodeCell.m in Sources */,
				04D13F4A181DA8C3002F0398 /* PreloadedRoute.m in Sources */,
				04BFFFD617B717660057B81E /* LegendElement.m in Sources */,
				04C2FEE817B7FFDC002B9075 /* LocationsTable.m in Sources */,
				04C2FEE917B7FFDC002B9075 /* NumericNodeTable.m in Sources */,
				04C2FEEA17B7FFDC002B9075 /* TerminalTable.m in Sources */,
				04D0EC0D17BAF1830098D138 /* DrawingImageView.m in Sources */,
				04D13F42181D834A002F0398 /* ResultViewController.m in Sources */,
				04D0EC1E17BB0E3B0098D138 /* SaveViewController.m in Sources */,
				04D13F3D181D833B002F0398 /* SubmitViewController.m in Sources */,
				04B4084417C4483A0037DD7A /* KDTree.m in Sources */,
				04CF4F1017C589F100E157F8 /* KDElement.m in Sources */,
				04C1301F17CD752800EC175A /* InfoViewController.m in Sources */,
				04BE659417D409D600C34D35 /* KeyView.m in Sources */,
			);
			runOnlyForDeploymentPostprocessing = 0;
		};
/* End PBXSourcesBuildPhase section */

/* Begin PBXVariantGroup section */
		04DA2A77179DE91200EF177B /* InfoPlist.strings */ = {
			isa = PBXVariantGroup;
			children = (
				04DA2A78179DE91200EF177B /* en */,
			);
			name = InfoPlist.strings;
			sourceTree = "<group>";
		};
		04DA2A89179DE91200EF177B /* BusRoutesViewController.xib */ = {
			isa = PBXVariantGroup;
			children = (
				04DA2A8A179DE91200EF177B /* en */,
			);
			name = BusRoutesViewController.xib;
			sourceTree = "<group>";
		};
/* End PBXVariantGroup section */

/* Begin XCBuildConfiguration section */
		04DA2A8C179DE91200EF177B /* Debug */ = {
			isa = XCBuildConfiguration;
			buildSettings = {
				ALWAYS_SEARCH_USER_PATHS = NO;
				CLANG_CXX_LANGUAGE_STANDARD = "gnu++0x";
				CLANG_CXX_LIBRARY = "libc++";
				CLANG_WARN_CONSTANT_CONVERSION = YES;
				CLANG_WARN_EMPTY_BODY = YES;
				CLANG_WARN_ENUM_CONVERSION = YES;
				CLANG_WARN_INT_CONVERSION = YES;
				CLANG_WARN__DUPLICATE_METHOD_MATCH = YES;
				"CODE_SIGN_IDENTITY[sdk=iphoneos*]" = "iPhone Developer";
				COPY_PHASE_STRIP = NO;
				GCC_C_LANGUAGE_STANDARD = gnu99;
				GCC_DYNAMIC_NO_PIC = NO;
				GCC_OPTIMIZATION_LEVEL = 0;
				GCC_PREPROCESSOR_DEFINITIONS = (
					"DEBUG=1",
					"$(inherited)",
				);
				GCC_SYMBOLS_PRIVATE_EXTERN = NO;
				GCC_WARN_ABOUT_RETURN_TYPE = YES;
				GCC_WARN_UNINITIALIZED_AUTOS = YES;
				GCC_WARN_UNUSED_VARIABLE = YES;
				IPHONEOS_DEPLOYMENT_TARGET = 6.1;
				ONLY_ACTIVE_ARCH = YES;
				SDKROOT = iphoneos;
				TARGETED_DEVICE_FAMILY = 2;
			};
			name = Debug;
		};
		04DA2A8D179DE91200EF177B /* Release */ = {
			isa = XCBuildConfiguration;
			buildSettings = {
				ALWAYS_SEARCH_USER_PATHS = NO;
				CLANG_CXX_LANGUAGE_STANDARD = "gnu++0x";
				CLANG_CXX_LIBRARY = "libc++";
				CLANG_WARN_CONSTANT_CONVERSION = YES;
				CLANG_WARN_EMPTY_BODY = YES;
				CLANG_WARN_ENUM_CONVERSION = YES;
				CLANG_WARN_INT_CONVERSION = YES;
				CLANG_WARN__DUPLICATE_METHOD_MATCH = YES;
				"CODE_SIGN_IDENTITY[sdk=iphoneos*]" = "iPhone Developer";
				COPY_PHASE_STRIP = YES;
				GCC_C_LANGUAGE_STANDARD = gnu99;
				GCC_WARN_ABOUT_RETURN_TYPE = YES;
				GCC_WARN_UNINITIALIZED_AUTOS = YES;
				GCC_WARN_UNUSED_VARIABLE = YES;
				IPHONEOS_DEPLOYMENT_TARGET = 6.1;
				OTHER_CFLAGS = "-DNS_BLOCK_ASSERTIONS=1";
				SDKROOT = iphoneos;
				TARGETED_DEVICE_FAMILY = 2;
				VALIDATE_PRODUCT = YES;
			};
			name = Release;
		};
		04DA2A8F179DE91200EF177B /* Debug */ = {
			isa = XCBuildConfiguration;
			buildSettings = {
				"CODE_SIGN_IDENTITY[sdk=iphoneos*]" = "iPhone Developer";
				FRAMEWORK_SEARCH_PATHS = (
					"$(inherited)",
					"\"$(SRCROOT)\"",
				);
				GCC_PRECOMPILE_PREFIX_HEADER = YES;
				GCC_PREFIX_HEADER = "BusRoutes/BusRoutes-Prefix.pch";
				HEADER_SEARCH_PATHS = /usr/include/libxml2;
				INFOPLIST_FILE = "BusRoutes/BusRoutes-Info.plist";
				IPHONEOS_DEPLOYMENT_TARGET = 6.0;
				PRODUCT_NAME = "$(TARGET_NAME)";
				WRAPPER_EXTENSION = app;
			};
			name = Debug;
		};
		04DA2A90179DE91200EF177B /* Release */ = {
			isa = XCBuildConfiguration;
			buildSettings = {
				CODE_SIGN_IDENTITY = "iPhone Distribution";
				"CODE_SIGN_IDENTITY[sdk=iphoneos*]" = "iPhone Distribution";
				FRAMEWORK_SEARCH_PATHS = (
					"$(inherited)",
					"\"$(SRCROOT)\"",
				);
				GCC_PRECOMPILE_PREFIX_HEADER = YES;
				GCC_PREFIX_HEADER = "BusRoutes/BusRoutes-Prefix.pch";
				HEADER_SEARCH_PATHS = /usr/include/libxml2;
				INFOPLIST_FILE = "BusRoutes/BusRoutes-Info.plist";
				IPHONEOS_DEPLOYMENT_TARGET = 6.0;
				PRODUCT_NAME = "$(TARGET_NAME)";
				PROVISIONING_PROFILE = "";
				"PROVISIONING_PROFILE[sdk=iphoneos*]" = "";
				WRAPPER_EXTENSION = app;
			};
			name = Release;
		};
/* End XCBuildConfiguration section */

/* Begin XCConfigurationList section */
		04DA2A66179DE91200EF177B /* Build configuration list for PBXProject "BusRoutes" */ = {
			isa = XCConfigurationList;
			buildConfigurations = (
				04DA2A8C179DE91200EF177B /* Debug */,
				04DA2A8D179DE91200EF177B /* Release */,
			);
			defaultConfigurationIsVisible = 0;
			defaultConfigurationName = Release;
		};
		04DA2A8E179DE91200EF177B /* Build configuration list for PBXNativeTarget "BusRoutes" */ = {
			isa = XCConfigurationList;
			buildConfigurations = (
				04DA2A8F179DE91200EF177B /* Debug */,
				04DA2A90179DE91200EF177B /* Release */,
			);
			defaultConfigurationIsVisible = 0;
			defaultConfigurationName = Release;
		};
/* End XCConfigurationList section */
	};
	rootObject = 04DA2A63179DE91200EF177B /* Project object */;
}
