// !$*UTF8*$!
{
	archiveVersion = 1;
	classes = {
	};
	objectVersion = 46;
	objects = {

/* Begin PBXBuildFile section */
		04DA2A6F179DE91200EF177B /* UIKit.framework in Frameworks */ = {isa = PBXBuildFile; fileRef = 04DA2A6E179DE91200EF177B /* UIKit.framework */; };
		04DA2A71179DE91200EF177B /* Foundation.framework in Frameworks */ = {isa = PBXBuildFile; fileRef = 04DA2A70179DE91200EF177B /* Foundation.framework */; };
		04DA2A73179DE91200EF177B /* CoreGraphics.framework in Frameworks */ = {isa = PBXBuildFile; fileRef = 04DA2A72179DE91200EF177B /* CoreGraphics.framework */; };
		04DA2A79179DE91200EF177B /* InfoPlist.strings in Resources */ = {isa = PBXBuildFile; fileRef = 04DA2A77179DE91200EF177B /* InfoPlist.strings */; };
		04DA2A7B179DE91200EF177B /* main.m in Sources */ = {isa = PBXBuildFile; fileRef = 04DA2A7A179DE91200EF177B /* main.m */; };
		04DA2A7F179DE91200EF177B /* BusRoutesAppDelegate.m in Sources */ = {isa = PBXBuildFile; fileRef = 04DA2A7E179DE91200EF177B /* BusRoutesAppDelegate.m */; };
		04DA2A81179DE91200EF177B /* Default.png in Resources */ = {isa = PBXBuildFile; fileRef = 04DA2A80179DE91200EF177B /* Default.png */; };
		04DA2A83179DE91200EF177B /* Default@2x.png in Resources */ = {isa = PBXBuildFile; fileRef = 04DA2A82179DE91200EF177B /* Default@2x.png */; };
		04DA2A85179DE91200EF177B /* Default-568h@2x.png in Resources */ = {isa = PBXBuildFile; fileRef = 04DA2A84179DE91200EF177B /* Default-568h@2x.png */; };
		04DA2A88179DE91200EF177B /* BusRoutesViewController.m in Sources */ = {isa = PBXBuildFile; fileRef = 04DA2A87179DE91200EF177B /* BusRoutesViewController.m */; };
		04DA2A8B179DE91200EF177B /* BusRoutesViewController.xib in Resources */ = {isa = PBXBuildFile; fileRef = 04DA2A89179DE91200EF177B /* BusRoutesViewController.xib */; };
		04DA2A93179DFE6D00EF177B /* DataReader.m in Sources */ = {isa = PBXBuildFile; fileRef = 04DA2A92179DFE6D00EF177B /* DataReader.m */; };
		04DA2A95179DFFB400EF177B /* stops.json in Resources */ = {isa = PBXBuildFile; fileRef = 04DA2A94179DFFB400EF177B /* stops.json */; };
		04DA2A99179E04C000EF177B /* MapViewController.m in Sources */ = {isa = PBXBuildFile; fileRef = 04DA2A97179E04C000EF177B /* MapViewController.m */; };
		04DA2A9A179E04C000EF177B /* MapViewController.xib in Resources */ = {isa = PBXBuildFile; fileRef = 04DA2A98179E04C000EF177B /* MapViewController.xib */; };
		04DA2A9D179E04DC00EF177B /* MapView.m in Sources */ = {isa = PBXBuildFile; fileRef = 04DA2A9C179E04DC00EF177B /* MapView.m */; };
		04DA2A9F179E04EF00EF177B /* MapView.xib in Resources */ = {isa = PBXBuildFile; fileRef = 04DA2A9E179E04EF00EF177B /* MapView.xib */; };
		04DA2AA3179E113A00EF177B /* CoreLocation.framework in Frameworks */ = {isa = PBXBuildFile; fileRef = 04DA2AA2179E113A00EF177B /* CoreLocation.framework */; };
		04DA2AA5179E116400EF177B /* MapKit.framework in Frameworks */ = {isa = PBXBuildFile; fileRef = 04DA2AA4179E116400EF177B /* MapKit.framework */; };
/* End PBXBuildFile section */

/* Begin PBXFileReference section */
		04DA2A6B179DE91200EF177B /* BusRoutes.app */ = {isa = PBXFileReference; explicitFileType = wrapper.application; includeInIndex = 0; path = BusRoutes.app; sourceTree = BUILT_PRODUCTS_DIR; };
		04DA2A6E179DE91200EF177B /* UIKit.framework */ = {isa = PBXFileReference; lastKnownFileType = wrapper.framework; name = UIKit.framework; path = System/Library/Frameworks/UIKit.framework; sourceTree = SDKROOT; };
		04DA2A70179DE91200EF177B /* Foundation.framework */ = {isa = PBXFileReference; lastKnownFileType = wrapper.framework; name = Foundation.framework; path = System/Library/Frameworks/Foundation.framework; sourceTree = SDKROOT; };
		04DA2A72179DE91200EF177B /* CoreGraphics.framework */ = {isa = PBXFileReference; lastKnownFileType = wrapper.framework; name = CoreGraphics.framework; path = System/Library/Frameworks/CoreGraphics.framework; sourceTree = SDKROOT; };
		04DA2A76179DE91200EF177B /* BusRoutes-Info.plist */ = {isa = PBXFileReference; lastKnownFileType = text.plist.xml; path = "BusRoutes-Info.plist"; sourceTree = "<group>"; };
		04DA2A78179DE91200EF177B /* en */ = {isa = PBXFileReference; lastKnownFileType = text.plist.strings; name = en; path = en.lproj/InfoPlist.strings; sourceTree = "<group>"; };
		04DA2A7A179DE91200EF177B /* main.m */ = {isa = PBXFileReference; lastKnownFileType = sourcecode.c.objc; path = main.m; sourceTree = "<group>"; };
		04DA2A7C179DE91200EF177B /* BusRoutes-Prefix.pch */ = {isa = PBXFileReference; lastKnownFileType = sourcecode.c.h; path = "BusRoutes-Prefix.pch"; sourceTree = "<group>"; };
		04DA2A7D179DE91200EF177B /* BusRoutesAppDelegate.h */ = {isa = PBXFileReference; lastKnownFileType = sourcecode.c.h; path = BusRoutesAppDelegate.h; sourceTree = "<group>"; };
		04DA2A7E179DE91200EF177B /* BusRoutesAppDelegate.m */ = {isa = PBXFileReference; lastKnownFileType = sourcecode.c.objc; path = BusRoutesAppDelegate.m; sourceTree = "<group>"; };
		04DA2A80179DE91200EF177B /* Default.png */ = {isa = PBXFileReference; lastKnownFileType = image.png; path = Default.png; sourceTree = "<group>"; };
		04DA2A82179DE91200EF177B /* Default@2x.png */ = {isa = PBXFileReference; lastKnownFileType = image.png; path = "Default@2x.png"; sourceTree = "<group>"; };
		04DA2A84179DE91200EF177B /* Default-568h@2x.png */ = {isa = PBXFileReference; lastKnownFileType = image.png; path = "Default-568h@2x.png"; sourceTree = "<group>"; };
		04DA2A86179DE91200EF177B /* BusRoutesViewController.h */ = {isa = PBXFileReference; lastKnownFileType = sourcecode.c.h; path = BusRoutesViewController.h; sourceTree = "<group>"; };
		04DA2A87179DE91200EF177B /* BusRoutesViewController.m */ = {isa = PBXFileReference; lastKnownFileType = sourcecode.c.objc; path = BusRoutesViewController.m; sourceTree = "<group>"; };
		04DA2A8A179DE91200EF177B /* en */ = {isa = PBXFileReference; lastKnownFileType = file.xib; name = en; path = en.lproj/BusRoutesViewController.xib; sourceTree = "<group>"; };
		04DA2A91179DFE6D00EF177B /* DataReader.h */ = {isa = PBXFileReference; fileEncoding = 4; lastKnownFileType = sourcecode.c.h; path = DataReader.h; sourceTree = "<group>"; };
		04DA2A92179DFE6D00EF177B /* DataReader.m */ = {isa = PBXFileReference; fileEncoding = 4; lastKnownFileType = sourcecode.c.objc; path = DataReader.m; sourceTree = "<group>"; };
		04DA2A94179DFFB400EF177B /* stops.json */ = {isa = PBXFileReference; fileEncoding = 4; lastKnownFileType = text.json; path = stops.json; sourceTree = "<group>"; };
		04DA2A96179E04C000EF177B /* MapViewController.h */ = {isa = PBXFileReference; fileEncoding = 4; lastKnownFileType = sourcecode.c.h; path = MapViewController.h; sourceTree = "<group>"; };
		04DA2A97179E04C000EF177B /* MapViewController.m */ = {isa = PBXFileReference; fileEncoding = 4; lastKnownFileType = sourcecode.c.objc; path = MapViewController.m; sourceTree = "<group>"; };
		04DA2A98179E04C000EF177B /* MapViewController.xib */ = {isa = PBXFileReference; fileEncoding = 4; lastKnownFileType = file.xib; path = MapViewController.xib; sourceTree = "<group>"; };
		04DA2A9B179E04DC00EF177B /* MapView.h */ = {isa = PBXFileReference; fileEncoding = 4; lastKnownFileType = sourcecode.c.h; path = MapView.h; sourceTree = "<group>"; };
		04DA2A9C179E04DC00EF177B /* MapView.m */ = {isa = PBXFileReference; fileEncoding = 4; lastKnownFileType = sourcecode.c.objc; path = MapView.m; sourceTree = "<group>"; };
		04DA2A9E179E04EF00EF177B /* MapView.xib */ = {isa = PBXFileReference; fileEncoding = 4; lastKnownFileType = file.xib; path = MapView.xib; sourceTree = "<group>"; };
		04DA2AA2179E113A00EF177B /* CoreLocation.framework */ = {isa = PBXFileReference; lastKnownFileType = wrapper.framework; name = CoreLocation.framework; path = System/Library/Frameworks/CoreLocation.framework; sourceTree = SDKROOT; };
		04DA2AA4179E116400EF177B /* MapKit.framework */ = {isa = PBXFileReference; lastKnownFileType = wrapper.framework; name = MapKit.framework; path = System/Library/Frameworks/MapKit.framework; sourceTree = SDKROOT; };
/* End PBXFileReference section */

/* Begin PBXFrameworksBuildPhase section */
		04DA2A68179DE91200EF177B /* Frameworks */ = {
			isa = PBXFrameworksBuildPhase;
			buildActionMask = 2147483647;
			files = (
				04DA2AA5179E116400EF177B /* MapKit.framework in Frameworks */,
				04DA2AA3179E113A00EF177B /* CoreLocation.framework in Frameworks */,
				04DA2A6F179DE91200EF177B /* UIKit.framework in Frameworks */,
				04DA2A71179DE91200EF177B /* Foundation.framework in Frameworks */,
				04DA2A73179DE91200EF177B /* CoreGraphics.framework in Frameworks */,
			);
			runOnlyForDeploymentPostprocessing = 0;
		};
/* End PBXFrameworksBuildPhase section */

/* Begin PBXGroup section */
		04DA2A62179DE91200EF177B = {
			isa = PBXGroup;
			children = (
				04DA2A74179DE91200EF177B /* BusRoutes */,
				04DA2A6D179DE91200EF177B /* Frameworks */,
				04DA2A6C179DE91200EF177B /* Products */,
			);
			sourceTree = "<group>";
		};
		04DA2A6C179DE91200EF177B /* Products */ = {
			isa = PBXGroup;
			children = (
				04DA2A6B179DE91200EF177B /* BusRoutes.app */,
			);
			name = Products;
			sourceTree = "<group>";
		};
		04DA2A6D179DE91200EF177B /* Frameworks */ = {
			isa = PBXGroup;
			children = (
				04DA2AA4179E116400EF177B /* MapKit.framework */,
				04DA2AA2179E113A00EF177B /* CoreLocation.framework */,
				04DA2A6E179DE91200EF177B /* UIKit.framework */,
				04DA2A70179DE91200EF177B /* Foundation.framework */,
				04DA2A72179DE91200EF177B /* CoreGraphics.framework */,
			);
			name = Frameworks;
			sourceTree = "<group>";
		};
		04DA2A74179DE91200EF177B /* BusRoutes */ = {
			isa = PBXGroup;
			children = (
				04DA2A94179DFFB400EF177B /* stops.json */,
				04DA2A91179DFE6D00EF177B /* DataReader.h */,
				04DA2A92179DFE6D00EF177B /* DataReader.m */,
				04DA2A7D179DE91200EF177B /* BusRoutesAppDelegate.h */,
				04DA2A7E179DE91200EF177B /* BusRoutesAppDelegate.m */,
				04DA2A86179DE91200EF177B /* BusRoutesViewController.h */,
				04DA2A87179DE91200EF177B /* BusRoutesViewController.m */,
				04DA2A89179DE91200EF177B /* BusRoutesViewController.xib */,
				04DA2A96179E04C000EF177B /* MapViewController.h */,
				04DA2A97179E04C000EF177B /* MapViewController.m */,
				04DA2A98179E04C000EF177B /* MapViewController.xib */,
				04DA2A9B179E04DC00EF177B /* MapView.h */,
				04DA2A9C179E04DC00EF177B /* MapView.m */,
				04DA2A9E179E04EF00EF177B /* MapView.xib */,
				04DA2A75179DE91200EF177B /* Supporting Files */,
			);
			path = BusRoutes;
			sourceTree = "<group>";
		};
		04DA2A75179DE91200EF177B /* Supporting Files */ = {
			isa = PBXGroup;
			children = (
				04DA2A76179DE91200EF177B /* BusRoutes-Info.plist */,
				04DA2A77179DE91200EF177B /* InfoPlist.strings */,
				04DA2A7A179DE91200EF177B /* main.m */,
				04DA2A7C179DE91200EF177B /* BusRoutes-Prefix.pch */,
				04DA2A80179DE91200EF177B /* Default.png */,
				04DA2A82179DE91200EF177B /* Default@2x.png */,
				04DA2A84179DE91200EF177B /* Default-568h@2x.png */,
			);
			name = "Supporting Files";
			sourceTree = "<group>";
		};
/* End PBXGroup section */

/* Begin PBXNativeTarget section */
		04DA2A6A179DE91200EF177B /* BusRoutes */ = {
			isa = PBXNativeTarget;
			buildConfigurationList = 04DA2A8E179DE91200EF177B /* Build configuration list for PBXNativeTarget "BusRoutes" */;
			buildPhases = (
				04DA2A67179DE91200EF177B /* Sources */,
				04DA2A68179DE91200EF177B /* Frameworks */,
				04DA2A69179DE91200EF177B /* Resources */,
			);
			buildRules = (
			);
			dependencies = (
			);
			name = BusRoutes;
			productName = BusRoutes;
			productReference = 04DA2A6B179DE91200EF177B /* BusRoutes.app */;
			productType = "com.apple.product-type.application";
		};
/* End PBXNativeTarget section */

/* Begin PBXProject section */
		04DA2A63179DE91200EF177B /* Project object */ = {
			isa = PBXProject;
			attributes = {
				CLASSPREFIX = BusRoutes;
				LastUpgradeCheck = 0460;
				ORGANIZATIONNAME = "Aaron Eisses";
			};
			buildConfigurationList = 04DA2A66179DE91200EF177B /* Build configuration list for PBXProject "BusRoutes" */;
			compatibilityVersion = "Xcode 3.2";
			developmentRegion = English;
			hasScannedForEncodings = 0;
			knownRegions = (
				en,
			);
			mainGroup = 04DA2A62179DE91200EF177B;
			productRefGroup = 04DA2A6C179DE91200EF177B /* Products */;
			projectDirPath = "";
			projectRoot = "";
			targets = (
				04DA2A6A179DE91200EF177B /* BusRoutes */,
			);
		};
/* End PBXProject section */

/* Begin PBXResourcesBuildPhase section */
		04DA2A69179DE91200EF177B /* Resources */ = {
			isa = PBXResourcesBuildPhase;
			buildActionMask = 2147483647;
			files = (
				04DA2A79179DE91200EF177B /* InfoPlist.strings in Resources */,
				04DA2A81179DE91200EF177B /* Default.png in Resources */,
				04DA2A83179DE91200EF177B /* Default@2x.png in Resources */,
				04DA2A85179DE91200EF177B /* Default-568h@2x.png in Resources */,
				04DA2A8B179DE91200EF177B /* BusRoutesViewController.xib in Resources */,
				04DA2A95179DFFB400EF177B /* stops.json in Resources */,
				04DA2A9A179E04C000EF177B /* MapViewController.xib in Resources */,
				04DA2A9F179E04EF00EF177B /* MapView.xib in Resources */,
			);
			runOnlyForDeploymentPostprocessing = 0;
		};
/* End PBXResourcesBuildPhase section */

/* Begin PBXSourcesBuildPhase section */
		04DA2A67179DE91200EF177B /* Sources */ = {
			isa = PBXSourcesBuildPhase;
			buildActionMask = 2147483647;
			files = (
				04DA2A7B179DE91200EF177B /* main.m in Sources */,
				04DA2A7F179DE91200EF177B /* BusRoutesAppDelegate.m in Sources */,
				04DA2A88179DE91200EF177B /* BusRoutesViewController.m in Sources */,
				04DA2A93179DFE6D00EF177B /* DataReader.m in Sources */,
				04DA2A99179E04C000EF177B /* MapViewController.m in Sources */,
				04DA2A9D179E04DC00EF177B /* MapView.m in Sources */,
			);
			runOnlyForDeploymentPostprocessing = 0;
		};
/* End PBXSourcesBuildPhase section */

/* Begin PBXVariantGroup section */
		04DA2A77179DE91200EF177B /* InfoPlist.strings */ = {
			isa = PBXVariantGroup;
			children = (
				04DA2A78179DE91200EF177B /* en */,
			);
			name = InfoPlist.strings;
			sourceTree = "<group>";
		};
		04DA2A89179DE91200EF177B /* BusRoutesViewController.xib */ = {
			isa = PBXVariantGroup;
			children = (
				04DA2A8A179DE91200EF177B /* en */,
			);
			name = BusRoutesViewController.xib;
			sourceTree = "<group>";
		};
/* End PBXVariantGroup section */

/* Begin XCBuildConfiguration section */
		04DA2A8C179DE91200EF177B /* Debug */ = {
			isa = XCBuildConfiguration;
			buildSettings = {
				ALWAYS_SEARCH_USER_PATHS = NO;
				CLANG_CXX_LANGUAGE_STANDARD = "gnu++0x";
				CLANG_CXX_LIBRARY = "libc++";
				CLANG_WARN_CONSTANT_CONVERSION = YES;
				CLANG_WARN_EMPTY_BODY = YES;
				CLANG_WARN_ENUM_CONVERSION = YES;
				CLANG_WARN_INT_CONVERSION = YES;
				CLANG_WARN__DUPLICATE_METHOD_MATCH = YES;
				"CODE_SIGN_IDENTITY[sdk=iphoneos*]" = "iPhone Developer";
				COPY_PHASE_STRIP = NO;
				GCC_C_LANGUAGE_STANDARD = gnu99;
				GCC_DYNAMIC_NO_PIC = NO;
				GCC_OPTIMIZATION_LEVEL = 0;
				GCC_PREPROCESSOR_DEFINITIONS = (
					"DEBUG=1",
					"$(inherited)",
				);
				GCC_SYMBOLS_PRIVATE_EXTERN = NO;
				GCC_WARN_ABOUT_RETURN_TYPE = YES;
				GCC_WARN_UNINITIALIZED_AUTOS = YES;
				GCC_WARN_UNUSED_VARIABLE = YES;
				IPHONEOS_DEPLOYMENT_TARGET = 6.1;
				ONLY_ACTIVE_ARCH = YES;
				SDKROOT = iphoneos;
				TARGETED_DEVICE_FAMILY = 2;
			};
			name = Debug;
		};
		04DA2A8D179DE91200EF177B /* Release */ = {
			isa = XCBuildConfiguration;
			buildSettings = {
				ALWAYS_SEARCH_USER_PATHS = NO;
				CLANG_CXX_LANGUAGE_STANDARD = "gnu++0x";
				CLANG_CXX_LIBRARY = "libc++";
				CLANG_WARN_CONSTANT_CONVERSION = YES;
				CLANG_WARN_EMPTY_BODY = YES;
				CLANG_WARN_ENUM_CONVERSION = YES;
				CLANG_WARN_INT_CONVERSION = YES;
				CLANG_WARN__DUPLICATE_METHOD_MATCH = YES;
				"CODE_SIGN_IDENTITY[sdk=iphoneos*]" = "iPhone Developer";
				COPY_PHASE_STRIP = YES;
				GCC_C_LANGUAGE_STANDARD = gnu99;
				GCC_WARN_ABOUT_RETURN_TYPE = YES;
				GCC_WARN_UNINITIALIZED_AUTOS = YES;
				GCC_WARN_UNUSED_VARIABLE = YES;
				IPHONEOS_DEPLOYMENT_TARGET = 6.1;
				OTHER_CFLAGS = "-DNS_BLOCK_ASSERTIONS=1";
				SDKROOT = iphoneos;
				TARGETED_DEVICE_FAMILY = 2;
				VALIDATE_PRODUCT = YES;
			};
			name = Release;
		};
		04DA2A8F179DE91200EF177B /* Debug */ = {
			isa = XCBuildConfiguration;
			buildSettings = {
				GCC_PRECOMPILE_PREFIX_HEADER = YES;
				GCC_PREFIX_HEADER = "BusRoutes/BusRoutes-Prefix.pch";
				INFOPLIST_FILE = "BusRoutes/BusRoutes-Info.plist";
				IPHONEOS_DEPLOYMENT_TARGET = 6.0;
				PRODUCT_NAME = "$(TARGET_NAME)";
				WRAPPER_EXTENSION = app;
			};
			name = Debug;
		};
		04DA2A90179DE91200EF177B /* Release */ = {
			isa = XCBuildConfiguration;
			buildSettings = {
				GCC_PRECOMPILE_PREFIX_HEADER = YES;
				GCC_PREFIX_HEADER = "BusRoutes/BusRoutes-Prefix.pch";
				INFOPLIST_FILE = "BusRoutes/BusRoutes-Info.plist";
				IPHONEOS_DEPLOYMENT_TARGET = 6.0;
				PRODUCT_NAME = "$(TARGET_NAME)";
				WRAPPER_EXTENSION = app;
			};
			name = Release;
		};
/* End XCBuildConfiguration section */

/* Begin XCConfigurationList section */
		04DA2A66179DE91200EF177B /* Build configuration list for PBXProject "BusRoutes" */ = {
			isa = XCConfigurationList;
			buildConfigurations = (
				04DA2A8C179DE91200EF177B /* Debug */,
				04DA2A8D179DE91200EF177B /* Release */,
			);
			defaultConfigurationIsVisible = 0;
			defaultConfigurationName = Release;
		};
		04DA2A8E179DE91200EF177B /* Build configuration list for PBXNativeTarget "BusRoutes" */ = {
			isa = XCConfigurationList;
			buildConfigurations = (
				04DA2A8F179DE91200EF177B /* Debug */,
				04DA2A90179DE91200EF177B /* Release */,
			);
			defaultConfigurationIsVisible = 0;
			defaultConfigurationName = Release;
		};
/* End XCConfigurationList section */
	};
	rootObject = 04DA2A63179DE91200EF177B /* Project object */;
}
